// !$*UTF8*$!
{
	archiveVersion = 1;
	classes = {
	};
	objectVersion = 56;
	objects = {

/* Begin PBXBuildFile section */
		CC07AD482C527296008146BF /* PhotoSearchResultDTO.swift in Sources */ = {isa = PBXBuildFile; fileRef = CC07AD472C527296008146BF /* PhotoSearchResultDTO.swift */; };
		CC07AD4E2C537E51008146BF /* PhotoDetailRootView.swift in Sources */ = {isa = PBXBuildFile; fileRef = CC07AD4D2C537E51008146BF /* PhotoDetailRootView.swift */; };
		CC07AD502C537F42008146BF /* PhotoDetailHeaderView.swift in Sources */ = {isa = PBXBuildFile; fileRef = CC07AD4F2C537F42008146BF /* PhotoDetailHeaderView.swift */; };
		CC07AD522C538538008146BF /* PhotoDetailInfoView.swift in Sources */ = {isa = PBXBuildFile; fileRef = CC07AD512C538538008146BF /* PhotoDetailInfoView.swift */; };
		CC07AD562C538A22008146BF /* PhotoDetailModel.swift in Sources */ = {isa = PBXBuildFile; fileRef = CC07AD552C538A22008146BF /* PhotoDetailModel.swift */; };
		CC07AD582C538F46008146BF /* PhotoDetailViewController.swift in Sources */ = {isa = PBXBuildFile; fileRef = CC07AD572C538F46008146BF /* PhotoDetailViewController.swift */; };
		CC07AD5B2C53BDC2008146BF /* PhotoDetailViewModel.swift in Sources */ = {isa = PBXBuildFile; fileRef = CC07AD5A2C53BDC2008146BF /* PhotoDetailViewModel.swift */; };
		CC07AD5E2C53C49E008146BF /* PhotoStatisticDTO.swift in Sources */ = {isa = PBXBuildFile; fileRef = CC07AD5D2C53C49E008146BF /* PhotoStatisticDTO.swift */; };
		CC07AD622C53C839008146BF /* PhotoStatisticQueryDTO.swift in Sources */ = {isa = PBXBuildFile; fileRef = CC07AD612C53C839008146BF /* PhotoStatisticQueryDTO.swift */; };
		CC07AD652C53C8D1008146BF /* PhotoDetailRepository.swift in Sources */ = {isa = PBXBuildFile; fileRef = CC07AD642C53C8D1008146BF /* PhotoDetailRepository.swift */; };
		CC07AD672C53D31E008146BF /* DateFormatManager.swift in Sources */ = {isa = PBXBuildFile; fileRef = CC07AD662C53D31E008146BF /* DateFormatManager.swift */; };
		CC07AD692C53DCC9008146BF /* EmptyResultView.swift in Sources */ = {isa = PBXBuildFile; fileRef = CC07AD682C53DCC9008146BF /* EmptyResultView.swift */; };
		CC19046B2C4FC0E40092F4AF /* ProfileImageSettingViewController.swift in Sources */ = {isa = PBXBuildFile; fileRef = CC19046A2C4FC0E40092F4AF /* ProfileImageSettingViewController.swift */; };
		CC19046D2C4FC17B0092F4AF /* ProfileImageSettingView.swift in Sources */ = {isa = PBXBuildFile; fileRef = CC19046C2C4FC17B0092F4AF /* ProfileImageSettingView.swift */; };
		CC19046F2C4FC1D70092F4AF /* ProfileImageCollectionViewCell.swift in Sources */ = {isa = PBXBuildFile; fileRef = CC19046E2C4FC1D70092F4AF /* ProfileImageCollectionViewCell.swift */; };
		CC1904712C4FC44C0092F4AF /* ProfileImageSettingViewModel.swift in Sources */ = {isa = PBXBuildFile; fileRef = CC1904702C4FC44C0092F4AF /* ProfileImageSettingViewModel.swift */; };
		CC1904752C5017CF0092F4AF /* NavigationManager.swift in Sources */ = {isa = PBXBuildFile; fileRef = CC1904742C5017CF0092F4AF /* NavigationManager.swift */; };
		CC1904772C5018220092F4AF /* TabBarController.swift in Sources */ = {isa = PBXBuildFile; fileRef = CC1904762C5018220092F4AF /* TabBarController.swift */; };
		CC1904A12C50CCF90092F4AF /* TopicTrendModel.swift in Sources */ = {isa = PBXBuildFile; fileRef = CC1904A02C50CCF90092F4AF /* TopicTrendModel.swift */; };
		CC1904A72C50D2860092F4AF /* PhotoCollectionViewCell.swift in Sources */ = {isa = PBXBuildFile; fileRef = CC1904A62C50D2860092F4AF /* PhotoCollectionViewCell.swift */; };
		CC1904A92C50D3E20092F4AF /* StarCountView.swift in Sources */ = {isa = PBXBuildFile; fileRef = CC1904A82C50D3E20092F4AF /* StarCountView.swift */; };
		CC1904AB2C50D8360092F4AF /* LikeButton.swift in Sources */ = {isa = PBXBuildFile; fileRef = CC1904AA2C50D8360092F4AF /* LikeButton.swift */; };
		CC1904AE2C50DC9A0092F4AF /* PhotoCellModel.swift in Sources */ = {isa = PBXBuildFile; fileRef = CC1904AD2C50DC9A0092F4AF /* PhotoCellModel.swift */; };
		CC1904B02C50E69F0092F4AF /* TopicTrendRootView.swift in Sources */ = {isa = PBXBuildFile; fileRef = CC1904AF2C50E69F0092F4AF /* TopicTrendRootView.swift */; };
		CC1904B22C50E8C60092F4AF /* TopicTrendTableViewCell.swift in Sources */ = {isa = PBXBuildFile; fileRef = CC1904B12C50E8C60092F4AF /* TopicTrendTableViewCell.swift */; };
		CC1904B42C5106F20092F4AF /* TopicTrendViewController.swift in Sources */ = {isa = PBXBuildFile; fileRef = CC1904B32C5106F20092F4AF /* TopicTrendViewController.swift */; };
		CC1904B62C5110050092F4AF /* APIKey.swift in Sources */ = {isa = PBXBuildFile; fileRef = CC1904B52C5110050092F4AF /* APIKey.swift */; };
		CC1904B92C511BD20092F4AF /* TopicTrendViewModel.swift in Sources */ = {isa = PBXBuildFile; fileRef = CC1904B82C511BD20092F4AF /* TopicTrendViewModel.swift */; };
		CC1904BC2C511D000092F4AF /* TopicTrendRepository.swift in Sources */ = {isa = PBXBuildFile; fileRef = CC1904BB2C511D000092F4AF /* TopicTrendRepository.swift */; };
		CC1904BE2C511D3B0092F4AF /* NetworkManger.swift in Sources */ = {isa = PBXBuildFile; fileRef = CC1904BD2C511D3B0092F4AF /* NetworkManger.swift */; };
		CC1904C12C511D720092F4AF /* UnsplashRequest.swift in Sources */ = {isa = PBXBuildFile; fileRef = CC1904C02C511D720092F4AF /* UnsplashRequest.swift */; };
		CC2A7B782C524E1300E51944 /* PhotoDTO.swift in Sources */ = {isa = PBXBuildFile; fileRef = CC2A7B772C524E1300E51944 /* PhotoDTO.swift */; };
		CC2A7B7C2C5255BB00E51944 /* PhotoSearchQueryModel.swift in Sources */ = {isa = PBXBuildFile; fileRef = CC2A7B7B2C5255BB00E51944 /* PhotoSearchQueryModel.swift */; };
		CC2A7B7E2C52562200E51944 /* PhotoSearchRepository.swift in Sources */ = {isa = PBXBuildFile; fileRef = CC2A7B7D2C52562200E51944 /* PhotoSearchRepository.swift */; };
		CC5510AF2C4E3C0100A042C2 /* AppDelegate.swift in Sources */ = {isa = PBXBuildFile; fileRef = CC5510AE2C4E3C0100A042C2 /* AppDelegate.swift */; };
		CC5510B12C4E3C0100A042C2 /* SceneDelegate.swift in Sources */ = {isa = PBXBuildFile; fileRef = CC5510B02C4E3C0100A042C2 /* SceneDelegate.swift */; };
		CC5510B32C4E3C0100A042C2 /* OnboardingViewController.swift in Sources */ = {isa = PBXBuildFile; fileRef = CC5510B22C4E3C0100A042C2 /* OnboardingViewController.swift */; };
		CC5510B82C4E3C0200A042C2 /* Assets.xcassets in Resources */ = {isa = PBXBuildFile; fileRef = CC5510B72C4E3C0200A042C2 /* Assets.xcassets */; };
		CC5510C62C4E3DAD00A042C2 /* Then in Frameworks */ = {isa = PBXBuildFile; productRef = CC5510C52C4E3DAD00A042C2 /* Then */; };
		CC5510C92C4E3DB800A042C2 /* SnapKit in Frameworks */ = {isa = PBXBuildFile; productRef = CC5510C82C4E3DB800A042C2 /* SnapKit */; };
		CC5510CC2C4E3DF300A042C2 /* RealmSwift in Frameworks */ = {isa = PBXBuildFile; productRef = CC5510CB2C4E3DF300A042C2 /* RealmSwift */; };
		CC5510CF2C4E3E0C00A042C2 /* Alamofire in Frameworks */ = {isa = PBXBuildFile; productRef = CC5510CE2C4E3E0C00A042C2 /* Alamofire */; };
		CC5510D22C4E3E1800A042C2 /* Toast in Frameworks */ = {isa = PBXBuildFile; productRef = CC5510D12C4E3E1800A042C2 /* Toast */; };
		CC5510D52C4E3E7800A042C2 /* Kingfisher in Frameworks */ = {isa = PBXBuildFile; productRef = CC5510D42C4E3E7800A042C2 /* Kingfisher */; };
		CC5510DC2C4E453F00A042C2 /* Literal.swift in Sources */ = {isa = PBXBuildFile; fileRef = CC5510DB2C4E453F00A042C2 /* Literal.swift */; };
		CC5510DF2C4E455700A042C2 /* UIFont+Extension.swift in Sources */ = {isa = PBXBuildFile; fileRef = CC5510DE2C4E455700A042C2 /* UIFont+Extension.swift */; };
		CC5510E22C4E45F000A042C2 /* UIImage+Extension.swift in Sources */ = {isa = PBXBuildFile; fileRef = CC5510E12C4E45F000A042C2 /* UIImage+Extension.swift */; };
		CC5510E52C4E57D400A042C2 /* RealmSwift in Embed Frameworks */ = {isa = PBXBuildFile; productRef = CC5510CB2C4E3DF300A042C2 /* RealmSwift */; settings = {ATTRIBUTES = (CodeSignOnCopy, ); }; };
		CC5510EB2C4E588B00A042C2 /* BaseViewController.swift in Sources */ = {isa = PBXBuildFile; fileRef = CC5510EA2C4E588B00A042C2 /* BaseViewController.swift */; };
		CC5510ED2C4E58DE00A042C2 /* RootViewProtocol.swift in Sources */ = {isa = PBXBuildFile; fileRef = CC5510EC2C4E58DE00A042C2 /* RootViewProtocol.swift */; };
		CC5510F22C4E603B00A042C2 /* NavigationController.swift in Sources */ = {isa = PBXBuildFile; fileRef = CC5510F12C4E603B00A042C2 /* NavigationController.swift */; };
		CC5510F42C4E6AAD00A042C2 /* BaseView.swift in Sources */ = {isa = PBXBuildFile; fileRef = CC5510F32C4E6AAD00A042C2 /* BaseView.swift */; };
		CC5510F62C4E6BC300A042C2 /* BaseTableViewCell.swift in Sources */ = {isa = PBXBuildFile; fileRef = CC5510F52C4E6BC300A042C2 /* BaseTableViewCell.swift */; };
		CC5510F82C4E6CD300A042C2 /* BaseCollectionViewCell.swift in Sources */ = {isa = PBXBuildFile; fileRef = CC5510F72C4E6CD300A042C2 /* BaseCollectionViewCell.swift */; };
		CC5510FC2C4E6D4600A042C2 /* ReusableProtocol.swift in Sources */ = {isa = PBXBuildFile; fileRef = CC5510FB2C4E6D4600A042C2 /* ReusableProtocol.swift */; };
		CC5511002C4E700300A042C2 /* TextButton.swift in Sources */ = {isa = PBXBuildFile; fileRef = CC5510FF2C4E700300A042C2 /* TextButton.swift */; };
		CC5EC33F2C520F1F00A54FE4 /* PhotoSearchViewController.swift in Sources */ = {isa = PBXBuildFile; fileRef = CC5EC33E2C520F1F00A54FE4 /* PhotoSearchViewController.swift */; };
		CC5EC3412C520F2D00A54FE4 /* PhotoSearchRootView.swift in Sources */ = {isa = PBXBuildFile; fileRef = CC5EC3402C520F2D00A54FE4 /* PhotoSearchRootView.swift */; };
		CC5EC3452C5215B300A54FE4 /* PhotoSearchViewModel.swift in Sources */ = {isa = PBXBuildFile; fileRef = CC5EC3442C5215B300A54FE4 /* PhotoSearchViewModel.swift */; };
		CC5EC34F2C52347F00A54FE4 /* PhotoSearchQueryDTO.swift in Sources */ = {isa = PBXBuildFile; fileRef = CC5EC34E2C52347F00A54FE4 /* PhotoSearchQueryDTO.swift */; };
		CC5EC3522C5248B700A54FE4 /* TopicTrendQueryDTO.swift in Sources */ = {isa = PBXBuildFile; fileRef = CC5EC3512C5248B700A54FE4 /* TopicTrendQueryDTO.swift */; };
		CC92040E2C54CA7A00417B3F /* PhotoLikeRootView.swift in Sources */ = {isa = PBXBuildFile; fileRef = CC92040D2C54CA7A00417B3F /* PhotoLikeRootView.swift */; };
		CC9204112C54D12900417B3F /* PhotoLikeViewController.swift in Sources */ = {isa = PBXBuildFile; fileRef = CC9204102C54D12900417B3F /* PhotoLikeViewController.swift */; };
		CC9204162C54D65B00417B3F /* PhotoLikeDTO.swift in Sources */ = {isa = PBXBuildFile; fileRef = CC9204152C54D65B00417B3F /* PhotoLikeDTO.swift */; };
		CC9204192C54DA5900417B3F /* PhotoLikeRepository.swift in Sources */ = {isa = PBXBuildFile; fileRef = CC9204182C54DA5900417B3F /* PhotoLikeRepository.swift */; };
		CC92041C2C54E00500417B3F /* PhotoLikeViewModel.swift in Sources */ = {isa = PBXBuildFile; fileRef = CC92041B2C54E00500417B3F /* PhotoLikeViewModel.swift */; };
		CC92041F2C54F4A200417B3F /* PhotoSearchService.swift in Sources */ = {isa = PBXBuildFile; fileRef = CC92041E2C54F4A200417B3F /* PhotoSearchService.swift */; };
		CC9204212C54F7B000417B3F /* PhotoSearchDomain.swift in Sources */ = {isa = PBXBuildFile; fileRef = CC9204202C54F7B000417B3F /* PhotoSearchDomain.swift */; };
		CC9204232C555D4E00417B3F /* PhotoSearchOptionView.swift in Sources */ = {isa = PBXBuildFile; fileRef = CC9204222C555D4E00417B3F /* PhotoSearchOptionView.swift */; };
		CC9204252C555E9E00417B3F /* OrderByButton.swift in Sources */ = {isa = PBXBuildFile; fileRef = CC9204242C555E9E00417B3F /* OrderByButton.swift */; };
		CC9204272C55651A00417B3F /* PhotoLikeOptionView.swift in Sources */ = {isa = PBXBuildFile; fileRef = CC9204262C55651A00417B3F /* PhotoLikeOptionView.swift */; };
		CCA266062C5674D800826F9F /* MbtiCollectionViewCell.swift in Sources */ = {isa = PBXBuildFile; fileRef = CCA266052C5674D800826F9F /* MbtiCollectionViewCell.swift */; };
		CCA266082C5677E200826F9F /* ToastStyle+Extension.swift in Sources */ = {isa = PBXBuildFile; fileRef = CCA266072C5677E200826F9F /* ToastStyle+Extension.swift */; };
		CCA2660A2C567CB700826F9F /* BaseButton.swift in Sources */ = {isa = PBXBuildFile; fileRef = CCA266092C567CB700826F9F /* BaseButton.swift */; };
		CCEF3E432C4FBA67006CAA4E /* UIViewController+Extension.swift in Sources */ = {isa = PBXBuildFile; fileRef = CCEF3E422C4FBA67006CAA4E /* UIViewController+Extension.swift */; };
		CCFA37CF2C4E8C4300C9ADC1 /* LaunchScreen.storyboard in Resources */ = {isa = PBXBuildFile; fileRef = CCFA37CE2C4E8C4300C9ADC1 /* LaunchScreen.storyboard */; };
		CCFA37D42C4E8E5100C9ADC1 /* polaroid.png in Resources */ = {isa = PBXBuildFile; fileRef = CCFA37D32C4E8E5100C9ADC1 /* polaroid.png */; };
		CCFA37D82C4E917F00C9ADC1 /* ProfileImageView.swift in Sources */ = {isa = PBXBuildFile; fileRef = CCFA37D72C4E917F00C9ADC1 /* ProfileImageView.swift */; };
		CCFA37DA2C4E941700C9ADC1 /* CurrentProfileImageView.swift in Sources */ = {isa = PBXBuildFile; fileRef = CCFA37D92C4E941700C9ADC1 /* CurrentProfileImageView.swift */; };
		CCFA37DC2C4E946A00C9ADC1 /* CamerImageView.swift in Sources */ = {isa = PBXBuildFile; fileRef = CCFA37DB2C4E946A00C9ADC1 /* CamerImageView.swift */; };
		CCFA37E02C4E96A700C9ADC1 /* ProfileSettingView.swift in Sources */ = {isa = PBXBuildFile; fileRef = CCFA37DF2C4E96A700C9ADC1 /* ProfileSettingView.swift */; };
		CCFA37E22C4E980C00C9ADC1 /* NicknameTextFieldView.swift in Sources */ = {isa = PBXBuildFile; fileRef = CCFA37E12C4E980C00C9ADC1 /* NicknameTextFieldView.swift */; };
		CCFA37E42C4E98BD00C9ADC1 /* NicknameValidationStatus.swift in Sources */ = {isa = PBXBuildFile; fileRef = CCFA37E32C4E98BD00C9ADC1 /* NicknameValidationStatus.swift */; };
		CCFA37E72C4E996500C9ADC1 /* ProfileSettingType.swift in Sources */ = {isa = PBXBuildFile; fileRef = CCFA37E62C4E996500C9ADC1 /* ProfileSettingType.swift */; };
		CCFA37EC2C4E9B8B00C9ADC1 /* NewProfileSettingViewController.swift in Sources */ = {isa = PBXBuildFile; fileRef = CCFA37EB2C4E9B8B00C9ADC1 /* NewProfileSettingViewController.swift */; };
		CCFA37F12C4EB81900C9ADC1 /* ProfileSettingViewModel.swift in Sources */ = {isa = PBXBuildFile; fileRef = CCFA37F02C4EB81900C9ADC1 /* ProfileSettingViewModel.swift */; };
		CCFA37F32C4EB9F000C9ADC1 /* Observable.swift in Sources */ = {isa = PBXBuildFile; fileRef = CCFA37F22C4EB9F000C9ADC1 /* Observable.swift */; };
		CCFA37F82C4ECA8600C9ADC1 /* ProfileRepository.swift in Sources */ = {isa = PBXBuildFile; fileRef = CCFA37F72C4ECA8600C9ADC1 /* ProfileRepository.swift */; };
		CCFA37FA2C4ECAB900C9ADC1 /* UserDefaultsKey.swift in Sources */ = {isa = PBXBuildFile; fileRef = CCFA37F92C4ECAB900C9ADC1 /* UserDefaultsKey.swift */; };
/* End PBXBuildFile section */

/* Begin PBXCopyFilesBuildPhase section */
		CC5510E62C4E57D400A042C2 /* Embed Frameworks */ = {
			isa = PBXCopyFilesBuildPhase;
			buildActionMask = 2147483647;
			dstPath = "";
			dstSubfolderSpec = 10;
			files = (
				CC5510E52C4E57D400A042C2 /* RealmSwift in Embed Frameworks */,
			);
			name = "Embed Frameworks";
			runOnlyForDeploymentPostprocessing = 0;
		};
/* End PBXCopyFilesBuildPhase section */

/* Begin PBXFileReference section */
		CC07AD472C527296008146BF /* PhotoSearchResultDTO.swift */ = {isa = PBXFileReference; lastKnownFileType = sourcecode.swift; path = PhotoSearchResultDTO.swift; sourceTree = "<group>"; };
		CC07AD4D2C537E51008146BF /* PhotoDetailRootView.swift */ = {isa = PBXFileReference; lastKnownFileType = sourcecode.swift; path = PhotoDetailRootView.swift; sourceTree = "<group>"; };
		CC07AD4F2C537F42008146BF /* PhotoDetailHeaderView.swift */ = {isa = PBXFileReference; lastKnownFileType = sourcecode.swift; path = PhotoDetailHeaderView.swift; sourceTree = "<group>"; };
		CC07AD512C538538008146BF /* PhotoDetailInfoView.swift */ = {isa = PBXFileReference; lastKnownFileType = sourcecode.swift; path = PhotoDetailInfoView.swift; sourceTree = "<group>"; };
		CC07AD552C538A22008146BF /* PhotoDetailModel.swift */ = {isa = PBXFileReference; lastKnownFileType = sourcecode.swift; path = PhotoDetailModel.swift; sourceTree = "<group>"; };
		CC07AD572C538F46008146BF /* PhotoDetailViewController.swift */ = {isa = PBXFileReference; lastKnownFileType = sourcecode.swift; path = PhotoDetailViewController.swift; sourceTree = "<group>"; };
		CC07AD5A2C53BDC2008146BF /* PhotoDetailViewModel.swift */ = {isa = PBXFileReference; lastKnownFileType = sourcecode.swift; path = PhotoDetailViewModel.swift; sourceTree = "<group>"; };
		CC07AD5D2C53C49E008146BF /* PhotoStatisticDTO.swift */ = {isa = PBXFileReference; lastKnownFileType = sourcecode.swift; path = PhotoStatisticDTO.swift; sourceTree = "<group>"; };
		CC07AD612C53C839008146BF /* PhotoStatisticQueryDTO.swift */ = {isa = PBXFileReference; lastKnownFileType = sourcecode.swift; path = PhotoStatisticQueryDTO.swift; sourceTree = "<group>"; };
		CC07AD642C53C8D1008146BF /* PhotoDetailRepository.swift */ = {isa = PBXFileReference; lastKnownFileType = sourcecode.swift; path = PhotoDetailRepository.swift; sourceTree = "<group>"; };
		CC07AD662C53D31E008146BF /* DateFormatManager.swift */ = {isa = PBXFileReference; lastKnownFileType = sourcecode.swift; path = DateFormatManager.swift; sourceTree = "<group>"; };
		CC07AD682C53DCC9008146BF /* EmptyResultView.swift */ = {isa = PBXFileReference; lastKnownFileType = sourcecode.swift; path = EmptyResultView.swift; sourceTree = "<group>"; };
		CC19046A2C4FC0E40092F4AF /* ProfileImageSettingViewController.swift */ = {isa = PBXFileReference; lastKnownFileType = sourcecode.swift; path = ProfileImageSettingViewController.swift; sourceTree = "<group>"; };
		CC19046C2C4FC17B0092F4AF /* ProfileImageSettingView.swift */ = {isa = PBXFileReference; lastKnownFileType = sourcecode.swift; path = ProfileImageSettingView.swift; sourceTree = "<group>"; };
		CC19046E2C4FC1D70092F4AF /* ProfileImageCollectionViewCell.swift */ = {isa = PBXFileReference; lastKnownFileType = sourcecode.swift; path = ProfileImageCollectionViewCell.swift; sourceTree = "<group>"; };
		CC1904702C4FC44C0092F4AF /* ProfileImageSettingViewModel.swift */ = {isa = PBXFileReference; lastKnownFileType = sourcecode.swift; path = ProfileImageSettingViewModel.swift; sourceTree = "<group>"; };
		CC1904742C5017CF0092F4AF /* NavigationManager.swift */ = {isa = PBXFileReference; lastKnownFileType = sourcecode.swift; path = NavigationManager.swift; sourceTree = "<group>"; };
		CC1904762C5018220092F4AF /* TabBarController.swift */ = {isa = PBXFileReference; lastKnownFileType = sourcecode.swift; path = TabBarController.swift; sourceTree = "<group>"; };
		CC1904A02C50CCF90092F4AF /* TopicTrendModel.swift */ = {isa = PBXFileReference; lastKnownFileType = sourcecode.swift; path = TopicTrendModel.swift; sourceTree = "<group>"; };
		CC1904A62C50D2860092F4AF /* PhotoCollectionViewCell.swift */ = {isa = PBXFileReference; lastKnownFileType = sourcecode.swift; path = PhotoCollectionViewCell.swift; sourceTree = "<group>"; };
		CC1904A82C50D3E20092F4AF /* StarCountView.swift */ = {isa = PBXFileReference; lastKnownFileType = sourcecode.swift; path = StarCountView.swift; sourceTree = "<group>"; };
		CC1904AA2C50D8360092F4AF /* LikeButton.swift */ = {isa = PBXFileReference; lastKnownFileType = sourcecode.swift; path = LikeButton.swift; sourceTree = "<group>"; };
		CC1904AD2C50DC9A0092F4AF /* PhotoCellModel.swift */ = {isa = PBXFileReference; lastKnownFileType = sourcecode.swift; path = PhotoCellModel.swift; sourceTree = "<group>"; };
		CC1904AF2C50E69F0092F4AF /* TopicTrendRootView.swift */ = {isa = PBXFileReference; lastKnownFileType = sourcecode.swift; path = TopicTrendRootView.swift; sourceTree = "<group>"; };
		CC1904B12C50E8C60092F4AF /* TopicTrendTableViewCell.swift */ = {isa = PBXFileReference; lastKnownFileType = sourcecode.swift; path = TopicTrendTableViewCell.swift; sourceTree = "<group>"; };
		CC1904B32C5106F20092F4AF /* TopicTrendViewController.swift */ = {isa = PBXFileReference; lastKnownFileType = sourcecode.swift; path = TopicTrendViewController.swift; sourceTree = "<group>"; };
		CC1904B52C5110050092F4AF /* APIKey.swift */ = {isa = PBXFileReference; lastKnownFileType = sourcecode.swift; path = APIKey.swift; sourceTree = "<group>"; };
		CC1904B82C511BD20092F4AF /* TopicTrendViewModel.swift */ = {isa = PBXFileReference; lastKnownFileType = sourcecode.swift; path = TopicTrendViewModel.swift; sourceTree = "<group>"; };
		CC1904BB2C511D000092F4AF /* TopicTrendRepository.swift */ = {isa = PBXFileReference; lastKnownFileType = sourcecode.swift; path = TopicTrendRepository.swift; sourceTree = "<group>"; };
		CC1904BD2C511D3B0092F4AF /* NetworkManger.swift */ = {isa = PBXFileReference; lastKnownFileType = sourcecode.swift; path = NetworkManger.swift; sourceTree = "<group>"; };
		CC1904C02C511D720092F4AF /* UnsplashRequest.swift */ = {isa = PBXFileReference; lastKnownFileType = sourcecode.swift; path = UnsplashRequest.swift; sourceTree = "<group>"; };
		CC2A7B772C524E1300E51944 /* PhotoDTO.swift */ = {isa = PBXFileReference; lastKnownFileType = sourcecode.swift; path = PhotoDTO.swift; sourceTree = "<group>"; };
		CC2A7B7B2C5255BB00E51944 /* PhotoSearchQueryModel.swift */ = {isa = PBXFileReference; lastKnownFileType = sourcecode.swift; path = PhotoSearchQueryModel.swift; sourceTree = "<group>"; };
		CC2A7B7D2C52562200E51944 /* PhotoSearchRepository.swift */ = {isa = PBXFileReference; lastKnownFileType = sourcecode.swift; path = PhotoSearchRepository.swift; sourceTree = "<group>"; };
		CC5510AB2C4E3C0100A042C2 /* PhotoBliss.app */ = {isa = PBXFileReference; explicitFileType = wrapper.application; includeInIndex = 0; path = PhotoBliss.app; sourceTree = BUILT_PRODUCTS_DIR; };
		CC5510AE2C4E3C0100A042C2 /* AppDelegate.swift */ = {isa = PBXFileReference; lastKnownFileType = sourcecode.swift; path = AppDelegate.swift; sourceTree = "<group>"; };
		CC5510B02C4E3C0100A042C2 /* SceneDelegate.swift */ = {isa = PBXFileReference; lastKnownFileType = sourcecode.swift; path = SceneDelegate.swift; sourceTree = "<group>"; };
		CC5510B22C4E3C0100A042C2 /* OnboardingViewController.swift */ = {isa = PBXFileReference; lastKnownFileType = sourcecode.swift; path = OnboardingViewController.swift; sourceTree = "<group>"; };
		CC5510B72C4E3C0200A042C2 /* Assets.xcassets */ = {isa = PBXFileReference; lastKnownFileType = folder.assetcatalog; path = Assets.xcassets; sourceTree = "<group>"; };
		CC5510BC2C4E3C0200A042C2 /* Info.plist */ = {isa = PBXFileReference; lastKnownFileType = text.plist.xml; path = Info.plist; sourceTree = "<group>"; };
		CC5510DB2C4E453F00A042C2 /* Literal.swift */ = {isa = PBXFileReference; lastKnownFileType = sourcecode.swift; path = Literal.swift; sourceTree = "<group>"; };
		CC5510DE2C4E455700A042C2 /* UIFont+Extension.swift */ = {isa = PBXFileReference; lastKnownFileType = sourcecode.swift; path = "UIFont+Extension.swift"; sourceTree = "<group>"; };
		CC5510E12C4E45F000A042C2 /* UIImage+Extension.swift */ = {isa = PBXFileReference; lastKnownFileType = sourcecode.swift; path = "UIImage+Extension.swift"; sourceTree = "<group>"; };
		CC5510EA2C4E588B00A042C2 /* BaseViewController.swift */ = {isa = PBXFileReference; lastKnownFileType = sourcecode.swift; path = BaseViewController.swift; sourceTree = "<group>"; };
		CC5510EC2C4E58DE00A042C2 /* RootViewProtocol.swift */ = {isa = PBXFileReference; lastKnownFileType = sourcecode.swift; path = RootViewProtocol.swift; sourceTree = "<group>"; };
		CC5510F12C4E603B00A042C2 /* NavigationController.swift */ = {isa = PBXFileReference; lastKnownFileType = sourcecode.swift; path = NavigationController.swift; sourceTree = "<group>"; };
		CC5510F32C4E6AAD00A042C2 /* BaseView.swift */ = {isa = PBXFileReference; lastKnownFileType = sourcecode.swift; path = BaseView.swift; sourceTree = "<group>"; };
		CC5510F52C4E6BC300A042C2 /* BaseTableViewCell.swift */ = {isa = PBXFileReference; lastKnownFileType = sourcecode.swift; path = BaseTableViewCell.swift; sourceTree = "<group>"; };
		CC5510F72C4E6CD300A042C2 /* BaseCollectionViewCell.swift */ = {isa = PBXFileReference; lastKnownFileType = sourcecode.swift; path = BaseCollectionViewCell.swift; sourceTree = "<group>"; };
		CC5510FB2C4E6D4600A042C2 /* ReusableProtocol.swift */ = {isa = PBXFileReference; lastKnownFileType = sourcecode.swift; path = ReusableProtocol.swift; sourceTree = "<group>"; };
		CC5510FF2C4E700300A042C2 /* TextButton.swift */ = {isa = PBXFileReference; lastKnownFileType = sourcecode.swift; path = TextButton.swift; sourceTree = "<group>"; };
		CC5EC33E2C520F1F00A54FE4 /* PhotoSearchViewController.swift */ = {isa = PBXFileReference; lastKnownFileType = sourcecode.swift; path = PhotoSearchViewController.swift; sourceTree = "<group>"; };
		CC5EC3402C520F2D00A54FE4 /* PhotoSearchRootView.swift */ = {isa = PBXFileReference; lastKnownFileType = sourcecode.swift; path = PhotoSearchRootView.swift; sourceTree = "<group>"; };
		CC5EC3442C5215B300A54FE4 /* PhotoSearchViewModel.swift */ = {isa = PBXFileReference; lastKnownFileType = sourcecode.swift; path = PhotoSearchViewModel.swift; sourceTree = "<group>"; };
		CC5EC34E2C52347F00A54FE4 /* PhotoSearchQueryDTO.swift */ = {isa = PBXFileReference; lastKnownFileType = sourcecode.swift; path = PhotoSearchQueryDTO.swift; sourceTree = "<group>"; };
		CC5EC3512C5248B700A54FE4 /* TopicTrendQueryDTO.swift */ = {isa = PBXFileReference; lastKnownFileType = sourcecode.swift; path = TopicTrendQueryDTO.swift; sourceTree = "<group>"; };
		CC92040D2C54CA7A00417B3F /* PhotoLikeRootView.swift */ = {isa = PBXFileReference; lastKnownFileType = sourcecode.swift; path = PhotoLikeRootView.swift; sourceTree = "<group>"; };
		CC9204102C54D12900417B3F /* PhotoLikeViewController.swift */ = {isa = PBXFileReference; lastKnownFileType = sourcecode.swift; path = PhotoLikeViewController.swift; sourceTree = "<group>"; };
		CC9204152C54D65B00417B3F /* PhotoLikeDTO.swift */ = {isa = PBXFileReference; lastKnownFileType = sourcecode.swift; path = PhotoLikeDTO.swift; sourceTree = "<group>"; };
		CC9204182C54DA5900417B3F /* PhotoLikeRepository.swift */ = {isa = PBXFileReference; lastKnownFileType = sourcecode.swift; path = PhotoLikeRepository.swift; sourceTree = "<group>"; };
		CC92041B2C54E00500417B3F /* PhotoLikeViewModel.swift */ = {isa = PBXFileReference; lastKnownFileType = sourcecode.swift; path = PhotoLikeViewModel.swift; sourceTree = "<group>"; };
		CC92041E2C54F4A200417B3F /* PhotoSearchService.swift */ = {isa = PBXFileReference; lastKnownFileType = sourcecode.swift; path = PhotoSearchService.swift; sourceTree = "<group>"; };
		CC9204202C54F7B000417B3F /* PhotoSearchDomain.swift */ = {isa = PBXFileReference; lastKnownFileType = sourcecode.swift; path = PhotoSearchDomain.swift; sourceTree = "<group>"; };
		CC9204222C555D4E00417B3F /* PhotoSearchOptionView.swift */ = {isa = PBXFileReference; lastKnownFileType = sourcecode.swift; path = PhotoSearchOptionView.swift; sourceTree = "<group>"; };
		CC9204242C555E9E00417B3F /* OrderByButton.swift */ = {isa = PBXFileReference; lastKnownFileType = sourcecode.swift; path = OrderByButton.swift; sourceTree = "<group>"; };
		CC9204262C55651A00417B3F /* PhotoLikeOptionView.swift */ = {isa = PBXFileReference; lastKnownFileType = sourcecode.swift; path = PhotoLikeOptionView.swift; sourceTree = "<group>"; };
		CCA266052C5674D800826F9F /* MbtiCollectionViewCell.swift */ = {isa = PBXFileReference; lastKnownFileType = sourcecode.swift; path = MbtiCollectionViewCell.swift; sourceTree = "<group>"; };
		CCA266072C5677E200826F9F /* ToastStyle+Extension.swift */ = {isa = PBXFileReference; lastKnownFileType = sourcecode.swift; path = "ToastStyle+Extension.swift"; sourceTree = "<group>"; };
		CCA266092C567CB700826F9F /* BaseButton.swift */ = {isa = PBXFileReference; lastKnownFileType = sourcecode.swift; path = BaseButton.swift; sourceTree = "<group>"; };
		CCEF3E422C4FBA67006CAA4E /* UIViewController+Extension.swift */ = {isa = PBXFileReference; lastKnownFileType = sourcecode.swift; path = "UIViewController+Extension.swift"; sourceTree = "<group>"; };
		CCFA37CE2C4E8C4300C9ADC1 /* LaunchScreen.storyboard */ = {isa = PBXFileReference; lastKnownFileType = file.storyboard; path = LaunchScreen.storyboard; sourceTree = "<group>"; };
		CCFA37D32C4E8E5100C9ADC1 /* polaroid.png */ = {isa = PBXFileReference; lastKnownFileType = image.png; path = polaroid.png; sourceTree = "<group>"; };
		CCFA37D72C4E917F00C9ADC1 /* ProfileImageView.swift */ = {isa = PBXFileReference; lastKnownFileType = sourcecode.swift; path = ProfileImageView.swift; sourceTree = "<group>"; };
		CCFA37D92C4E941700C9ADC1 /* CurrentProfileImageView.swift */ = {isa = PBXFileReference; lastKnownFileType = sourcecode.swift; path = CurrentProfileImageView.swift; sourceTree = "<group>"; };
		CCFA37DB2C4E946A00C9ADC1 /* CamerImageView.swift */ = {isa = PBXFileReference; lastKnownFileType = sourcecode.swift; path = CamerImageView.swift; sourceTree = "<group>"; };
		CCFA37DF2C4E96A700C9ADC1 /* ProfileSettingView.swift */ = {isa = PBXFileReference; lastKnownFileType = sourcecode.swift; path = ProfileSettingView.swift; sourceTree = "<group>"; };
		CCFA37E12C4E980C00C9ADC1 /* NicknameTextFieldView.swift */ = {isa = PBXFileReference; lastKnownFileType = sourcecode.swift; path = NicknameTextFieldView.swift; sourceTree = "<group>"; };
		CCFA37E32C4E98BD00C9ADC1 /* NicknameValidationStatus.swift */ = {isa = PBXFileReference; lastKnownFileType = sourcecode.swift; path = NicknameValidationStatus.swift; sourceTree = "<group>"; };
		CCFA37E62C4E996500C9ADC1 /* ProfileSettingType.swift */ = {isa = PBXFileReference; lastKnownFileType = sourcecode.swift; path = ProfileSettingType.swift; sourceTree = "<group>"; };
		CCFA37EB2C4E9B8B00C9ADC1 /* NewProfileSettingViewController.swift */ = {isa = PBXFileReference; lastKnownFileType = sourcecode.swift; path = NewProfileSettingViewController.swift; sourceTree = "<group>"; };
		CCFA37F02C4EB81900C9ADC1 /* ProfileSettingViewModel.swift */ = {isa = PBXFileReference; lastKnownFileType = sourcecode.swift; path = ProfileSettingViewModel.swift; sourceTree = "<group>"; };
		CCFA37F22C4EB9F000C9ADC1 /* Observable.swift */ = {isa = PBXFileReference; lastKnownFileType = sourcecode.swift; path = Observable.swift; sourceTree = "<group>"; };
		CCFA37F72C4ECA8600C9ADC1 /* ProfileRepository.swift */ = {isa = PBXFileReference; lastKnownFileType = sourcecode.swift; path = ProfileRepository.swift; sourceTree = "<group>"; };
		CCFA37F92C4ECAB900C9ADC1 /* UserDefaultsKey.swift */ = {isa = PBXFileReference; lastKnownFileType = sourcecode.swift; path = UserDefaultsKey.swift; sourceTree = "<group>"; };
/* End PBXFileReference section */

/* Begin PBXFrameworksBuildPhase section */
		CC5510A82C4E3C0100A042C2 /* Frameworks */ = {
			isa = PBXFrameworksBuildPhase;
			buildActionMask = 2147483647;
			files = (
				CC5510D52C4E3E7800A042C2 /* Kingfisher in Frameworks */,
				CC5510CC2C4E3DF300A042C2 /* RealmSwift in Frameworks */,
				CC5510CF2C4E3E0C00A042C2 /* Alamofire in Frameworks */,
				CC5510C62C4E3DAD00A042C2 /* Then in Frameworks */,
				CC5510D22C4E3E1800A042C2 /* Toast in Frameworks */,
				CC5510C92C4E3DB800A042C2 /* SnapKit in Frameworks */,
			);
			runOnlyForDeploymentPostprocessing = 0;
		};
/* End PBXFrameworksBuildPhase section */

/* Begin PBXGroup section */
		CC07AD462C527280008146BF /* Decodable */ = {
			isa = PBXGroup;
			children = (
				CC07AD472C527296008146BF /* PhotoSearchResultDTO.swift */,
			);
			path = Decodable;
			sourceTree = "<group>";
		};
		CC07AD4B2C537E24008146BF /* PhotoDetailScreen */ = {
			isa = PBXGroup;
			children = (
				CC07AD592C53BDB4008146BF /* ViewModel */,
				CC07AD4C2C537E43008146BF /* View */,
			);
			path = PhotoDetailScreen;
			sourceTree = "<group>";
		};
		CC07AD4C2C537E43008146BF /* View */ = {
			isa = PBXGroup;
			children = (
				CC07AD572C538F46008146BF /* PhotoDetailViewController.swift */,
				CC07AD4D2C537E51008146BF /* PhotoDetailRootView.swift */,
				CC07AD4F2C537F42008146BF /* PhotoDetailHeaderView.swift */,
				CC07AD512C538538008146BF /* PhotoDetailInfoView.swift */,
			);
			path = View;
			sourceTree = "<group>";
		};
		CC07AD532C538A01008146BF /* PhotoDetail */ = {
			isa = PBXGroup;
			children = (
				CC07AD542C538A0D008146BF /* Model */,
				CC07AD632C53C881008146BF /* Repository */,
				CC07AD5C2C53C475008146BF /* DTO */,
			);
			path = PhotoDetail;
			sourceTree = "<group>";
		};
		CC07AD542C538A0D008146BF /* Model */ = {
			isa = PBXGroup;
			children = (
				CC07AD552C538A22008146BF /* PhotoDetailModel.swift */,
			);
			path = Model;
			sourceTree = "<group>";
		};
		CC07AD592C53BDB4008146BF /* ViewModel */ = {
			isa = PBXGroup;
			children = (
				CC07AD5A2C53BDC2008146BF /* PhotoDetailViewModel.swift */,
			);
			path = ViewModel;
			sourceTree = "<group>";
		};
		CC07AD5C2C53C475008146BF /* DTO */ = {
			isa = PBXGroup;
			children = (
				CC07AD602C53C824008146BF /* Encodable */,
				CC07AD5F2C53C81B008146BF /* Decodable */,
			);
			path = DTO;
			sourceTree = "<group>";
		};
		CC07AD5F2C53C81B008146BF /* Decodable */ = {
			isa = PBXGroup;
			children = (
				CC07AD5D2C53C49E008146BF /* PhotoStatisticDTO.swift */,
			);
			path = Decodable;
			sourceTree = "<group>";
		};
		CC07AD602C53C824008146BF /* Encodable */ = {
			isa = PBXGroup;
			children = (
				CC07AD612C53C839008146BF /* PhotoStatisticQueryDTO.swift */,
			);
			path = Encodable;
			sourceTree = "<group>";
		};
		CC07AD632C53C881008146BF /* Repository */ = {
			isa = PBXGroup;
			children = (
				CC07AD642C53C8D1008146BF /* PhotoDetailRepository.swift */,
			);
			path = Repository;
			sourceTree = "<group>";
		};
		CC1904682C4FC0540092F4AF /* Common */ = {
			isa = PBXGroup;
			children = (
				CCFA37DF2C4E96A700C9ADC1 /* ProfileSettingView.swift */,
				CCFA37E12C4E980C00C9ADC1 /* NicknameTextFieldView.swift */,
				CCA266052C5674D800826F9F /* MbtiCollectionViewCell.swift */,
			);
			path = Common;
			sourceTree = "<group>";
		};
		CC1904692C4FC0960092F4AF /* ProfileImageSetting */ = {
			isa = PBXGroup;
			children = (
				CC19046A2C4FC0E40092F4AF /* ProfileImageSettingViewController.swift */,
				CC19046C2C4FC17B0092F4AF /* ProfileImageSettingView.swift */,
				CC19046E2C4FC1D70092F4AF /* ProfileImageCollectionViewCell.swift */,
			);
			path = ProfileImageSetting;
			sourceTree = "<group>";
		};
		CC1904722C50087D0092F4AF /* ProfileSetting */ = {
			isa = PBXGroup;
			children = (
				CC1904682C4FC0540092F4AF /* Common */,
				CCFA37E92C4E9B5C00C9ADC1 /* New */,
			);
			path = ProfileSetting;
			sourceTree = "<group>";
		};
		CC1904732C5017BC0092F4AF /* Managers */ = {
			isa = PBXGroup;
			children = (
				CC1904BF2C511D590092F4AF /* Network */,
				CC1904742C5017CF0092F4AF /* NavigationManager.swift */,
				CC07AD662C53D31E008146BF /* DateFormatManager.swift */,
			);
			path = Managers;
			sourceTree = "<group>";
		};
		CC19049C2C50CBB80092F4AF /* TopicTrendScreen */ = {
			isa = PBXGroup;
			children = (
				CC1904B72C511BC30092F4AF /* ViewModel */,
				CC1904A42C50CEB20092F4AF /* View */,
			);
			path = TopicTrendScreen;
			sourceTree = "<group>";
		};
		CC19049D2C50CBCE0092F4AF /* TopicTrend */ = {
			isa = PBXGroup;
			children = (
				CC1904A22C50CD6D0092F4AF /* Model */,
				CC1904BA2C511CF20092F4AF /* Repository */,
				CC1904C22C5120FF0092F4AF /* DTO */,
			);
			path = TopicTrend;
			sourceTree = "<group>";
		};
		CC1904A22C50CD6D0092F4AF /* Model */ = {
			isa = PBXGroup;
			children = (
				CC1904A02C50CCF90092F4AF /* TopicTrendModel.swift */,
			);
			path = Model;
			sourceTree = "<group>";
		};
		CC1904A42C50CEB20092F4AF /* View */ = {
			isa = PBXGroup;
			children = (
				CC1904B32C5106F20092F4AF /* TopicTrendViewController.swift */,
				CC1904AF2C50E69F0092F4AF /* TopicTrendRootView.swift */,
				CC1904B12C50E8C60092F4AF /* TopicTrendTableViewCell.swift */,
			);
			path = View;
			sourceTree = "<group>";
		};
		CC1904A52C50CF080092F4AF /* Photo */ = {
			isa = PBXGroup;
			children = (
				CC1904A62C50D2860092F4AF /* PhotoCollectionViewCell.swift */,
				CC1904A82C50D3E20092F4AF /* StarCountView.swift */,
			);
			path = Photo;
			sourceTree = "<group>";
		};
		CC1904AC2C50DC910092F4AF /* Common */ = {
			isa = PBXGroup;
			children = (
				CC2A7B7A2C5251A800E51944 /* Model */,
				CC2A7B792C52519E00E51944 /* DTO */,
			);
			path = Common;
			sourceTree = "<group>";
		};
		CC1904B72C511BC30092F4AF /* ViewModel */ = {
			isa = PBXGroup;
			children = (
				CC1904B82C511BD20092F4AF /* TopicTrendViewModel.swift */,
			);
			path = ViewModel;
			sourceTree = "<group>";
		};
		CC1904BA2C511CF20092F4AF /* Repository */ = {
			isa = PBXGroup;
			children = (
				CC1904BB2C511D000092F4AF /* TopicTrendRepository.swift */,
			);
			path = Repository;
			sourceTree = "<group>";
		};
		CC1904BF2C511D590092F4AF /* Network */ = {
			isa = PBXGroup;
			children = (
				CC1904BD2C511D3B0092F4AF /* NetworkManger.swift */,
				CC1904C02C511D720092F4AF /* UnsplashRequest.swift */,
			);
			path = Network;
			sourceTree = "<group>";
		};
		CC1904C22C5120FF0092F4AF /* DTO */ = {
			isa = PBXGroup;
			children = (
				CC2A7B712C524C0A00E51944 /* Encodable */,
			);
			path = DTO;
			sourceTree = "<group>";
		};
		CC2A7B712C524C0A00E51944 /* Encodable */ = {
			isa = PBXGroup;
			children = (
				CC5EC3512C5248B700A54FE4 /* TopicTrendQueryDTO.swift */,
			);
			path = Encodable;
			sourceTree = "<group>";
		};
		CC2A7B732C524C1F00E51944 /* Encodable */ = {
			isa = PBXGroup;
			children = (
				CC5EC34E2C52347F00A54FE4 /* PhotoSearchQueryDTO.swift */,
			);
			path = Encodable;
			sourceTree = "<group>";
		};
		CC2A7B792C52519E00E51944 /* DTO */ = {
			isa = PBXGroup;
			children = (
				CC2A7B772C524E1300E51944 /* PhotoDTO.swift */,
			);
			path = DTO;
			sourceTree = "<group>";
		};
		CC2A7B7A2C5251A800E51944 /* Model */ = {
			isa = PBXGroup;
			children = (
				CC1904AD2C50DC9A0092F4AF /* PhotoCellModel.swift */,
			);
			path = Model;
			sourceTree = "<group>";
		};
		CC5510A22C4E3C0100A042C2 = {
			isa = PBXGroup;
			children = (
				CC5510AD2C4E3C0100A042C2 /* PhotoBliss */,
				CC5510AC2C4E3C0100A042C2 /* Products */,
			);
			sourceTree = "<group>";
		};
		CC5510AC2C4E3C0100A042C2 /* Products */ = {
			isa = PBXGroup;
			children = (
				CC5510AB2C4E3C0100A042C2 /* PhotoBliss.app */,
			);
			name = Products;
			sourceTree = "<group>";
		};
		CC5510AD2C4E3C0100A042C2 /* PhotoBliss */ = {
			isa = PBXGroup;
			children = (
				CC5510D72C4E3EC900A042C2 /* Resources */,
				CC5510D62C4E3EC200A042C2 /* Sources */,
				CC5510BC2C4E3C0200A042C2 /* Info.plist */,
				CC1904B52C5110050092F4AF /* APIKey.swift */,
			);
			path = PhotoBliss;
			sourceTree = "<group>";
		};
		CC5510D62C4E3EC200A042C2 /* Sources */ = {
			isa = PBXGroup;
			children = (
				CC5510F92C4E6D2E00A042C2 /* Common */,
				CCFA37F52C4ECA6E00C9ADC1 /* Domain */,
				CC5510D92C4E3EDA00A042C2 /* Presenter */,
				CC5510D82C4E3ED200A042C2 /* App */,
			);
			path = Sources;
			sourceTree = "<group>";
		};
		CC5510D72C4E3EC900A042C2 /* Resources */ = {
			isa = PBXGroup;
			children = (
				CCFA37D02C4E8D5E00C9ADC1 /* LaunchScreen */,
				CC5510DA2C4E451200A042C2 /* Common */,
				CC5510B72C4E3C0200A042C2 /* Assets.xcassets */,
				CCFA37CE2C4E8C4300C9ADC1 /* LaunchScreen.storyboard */,
			);
			path = Resources;
			sourceTree = "<group>";
		};
		CC5510D82C4E3ED200A042C2 /* App */ = {
			isa = PBXGroup;
			children = (
				CC5510AE2C4E3C0100A042C2 /* AppDelegate.swift */,
				CC5510B02C4E3C0100A042C2 /* SceneDelegate.swift */,
			);
			path = App;
			sourceTree = "<group>";
		};
		CC5510D92C4E3EDA00A042C2 /* Presenter */ = {
			isa = PBXGroup;
			children = (
				CC5510F02C4E600100A042C2 /* Custom */,
				CC5510E92C4E587D00A042C2 /* Base */,
				CC5510E72C4E584500A042C2 /* Screens */,
			);
			path = Presenter;
			sourceTree = "<group>";
		};
		CC5510DA2C4E451200A042C2 /* Common */ = {
			isa = PBXGroup;
			children = (
				CC5510DD2C4E454700A042C2 /* Extensions */,
				CC5510DB2C4E453F00A042C2 /* Literal.swift */,
				CCFA37F92C4ECAB900C9ADC1 /* UserDefaultsKey.swift */,
			);
			path = Common;
			sourceTree = "<group>";
		};
		CC5510DD2C4E454700A042C2 /* Extensions */ = {
			isa = PBXGroup;
			children = (
				CC5510DE2C4E455700A042C2 /* UIFont+Extension.swift */,
				CC5510E12C4E45F000A042C2 /* UIImage+Extension.swift */,
				CCA266072C5677E200826F9F /* ToastStyle+Extension.swift */,
			);
			path = Extensions;
			sourceTree = "<group>";
		};
		CC5510E72C4E584500A042C2 /* Screens */ = {
			isa = PBXGroup;
			children = (
				CC92040B2C54C8BF00417B3F /* PhotoLikeScreen */,
				CC5510E82C4E586300A042C2 /* OnboardingScreen */,
				CCFA37DD2C4E952300C9ADC1 /* ProfileSettingScreen */,
				CC07AD4B2C537E24008146BF /* PhotoDetailScreen */,
				CC19049C2C50CBB80092F4AF /* TopicTrendScreen */,
				CC5EC33C2C520ECD00A54FE4 /* SearchScreen */,
			);
			path = Screens;
			sourceTree = "<group>";
		};
		CC5510E82C4E586300A042C2 /* OnboardingScreen */ = {
			isa = PBXGroup;
			children = (
				CC5510B22C4E3C0100A042C2 /* OnboardingViewController.swift */,
			);
			path = OnboardingScreen;
			sourceTree = "<group>";
		};
		CC5510E92C4E587D00A042C2 /* Base */ = {
			isa = PBXGroup;
			children = (
				CC5510EA2C4E588B00A042C2 /* BaseViewController.swift */,
				CC5510F32C4E6AAD00A042C2 /* BaseView.swift */,
				CC5510F52C4E6BC300A042C2 /* BaseTableViewCell.swift */,
				CC5510F72C4E6CD300A042C2 /* BaseCollectionViewCell.swift */,
				CCA266092C567CB700826F9F /* BaseButton.swift */,
			);
			path = Base;
			sourceTree = "<group>";
		};
		CC5510F02C4E600100A042C2 /* Custom */ = {
			isa = PBXGroup;
			children = (
				CC5510FE2C4E6F0200A042C2 /* Controller */,
				CC5510FD2C4E6ECA00A042C2 /* View */,
			);
			path = Custom;
			sourceTree = "<group>";
		};
		CC5510F92C4E6D2E00A042C2 /* Common */ = {
			isa = PBXGroup;
			children = (
				CC1904732C5017BC0092F4AF /* Managers */,
				CCEF3E412C4FBA5B006CAA4E /* Extension */,
				CCFA37F42C4EB9F800C9ADC1 /* CustomObservable */,
				CC5510FA2C4E6D3700A042C2 /* Protocols */,
			);
			path = Common;
			sourceTree = "<group>";
		};
		CC5510FA2C4E6D3700A042C2 /* Protocols */ = {
			isa = PBXGroup;
			children = (
				CC5510EC2C4E58DE00A042C2 /* RootViewProtocol.swift */,
				CC5510FB2C4E6D4600A042C2 /* ReusableProtocol.swift */,
			);
			path = Protocols;
			sourceTree = "<group>";
		};
		CC5510FD2C4E6ECA00A042C2 /* View */ = {
			isa = PBXGroup;
			children = (
				CC07AD682C53DCC9008146BF /* EmptyResultView.swift */,
				CC1904A52C50CF080092F4AF /* Photo */,
				CCFA37D62C4E917000C9ADC1 /* Profile */,
				CC5511012C4E704300A042C2 /* Buttons */,
			);
			path = View;
			sourceTree = "<group>";
		};
		CC5510FE2C4E6F0200A042C2 /* Controller */ = {
			isa = PBXGroup;
			children = (
				CC5510F12C4E603B00A042C2 /* NavigationController.swift */,
				CC1904762C5018220092F4AF /* TabBarController.swift */,
			);
			path = Controller;
			sourceTree = "<group>";
		};
		CC5511012C4E704300A042C2 /* Buttons */ = {
			isa = PBXGroup;
			children = (
				CC5510FF2C4E700300A042C2 /* TextButton.swift */,
				CC1904AA2C50D8360092F4AF /* LikeButton.swift */,
				CC9204242C555E9E00417B3F /* OrderByButton.swift */,
			);
			path = Buttons;
			sourceTree = "<group>";
		};
		CC5EC33C2C520ECD00A54FE4 /* SearchScreen */ = {
			isa = PBXGroup;
			children = (
				CC5EC3432C5215A600A54FE4 /* ViewModel */,
				CC5EC33D2C520EF200A54FE4 /* View */,
			);
			path = SearchScreen;
			sourceTree = "<group>";
		};
		CC5EC33D2C520EF200A54FE4 /* View */ = {
			isa = PBXGroup;
			children = (
				CC5EC33E2C520F1F00A54FE4 /* PhotoSearchViewController.swift */,
				CC5EC3402C520F2D00A54FE4 /* PhotoSearchRootView.swift */,
				CC9204222C555D4E00417B3F /* PhotoSearchOptionView.swift */,
			);
			path = View;
			sourceTree = "<group>";
		};
		CC5EC3432C5215A600A54FE4 /* ViewModel */ = {
			isa = PBXGroup;
			children = (
				CC5EC3442C5215B300A54FE4 /* PhotoSearchViewModel.swift */,
			);
			path = ViewModel;
			sourceTree = "<group>";
		};
		CC5EC3492C52325B00A54FE4 /* PhotoSearch */ = {
			isa = PBXGroup;
			children = (
				CC9204202C54F7B000417B3F /* PhotoSearchDomain.swift */,
				CC92041D2C54F49300417B3F /* Service */,
				CC5EC34B2C52326C00A54FE4 /* Repository */,
				CC5EC34D2C52346600A54FE4 /* QueryModel */,
				CC5EC34C2C52329D00A54FE4 /* DTO */,
			);
			path = PhotoSearch;
			sourceTree = "<group>";
		};
		CC5EC34B2C52326C00A54FE4 /* Repository */ = {
			isa = PBXGroup;
			children = (
				CC2A7B7D2C52562200E51944 /* PhotoSearchRepository.swift */,
			);
			path = Repository;
			sourceTree = "<group>";
		};
		CC5EC34C2C52329D00A54FE4 /* DTO */ = {
			isa = PBXGroup;
			children = (
				CC2A7B732C524C1F00E51944 /* Encodable */,
				CC07AD462C527280008146BF /* Decodable */,
			);
			path = DTO;
			sourceTree = "<group>";
		};
		CC5EC34D2C52346600A54FE4 /* QueryModel */ = {
			isa = PBXGroup;
			children = (
				CC2A7B7B2C5255BB00E51944 /* PhotoSearchQueryModel.swift */,
			);
			path = QueryModel;
			sourceTree = "<group>";
		};
		CC92040B2C54C8BF00417B3F /* PhotoLikeScreen */ = {
			isa = PBXGroup;
			children = (
				CC92041A2C54DFF600417B3F /* ViewModel */,
				CC92040C2C54CA6D00417B3F /* View */,
			);
			path = PhotoLikeScreen;
			sourceTree = "<group>";
		};
		CC92040C2C54CA6D00417B3F /* View */ = {
			isa = PBXGroup;
			children = (
				CC9204102C54D12900417B3F /* PhotoLikeViewController.swift */,
				CC92040D2C54CA7A00417B3F /* PhotoLikeRootView.swift */,
				CC9204262C55651A00417B3F /* PhotoLikeOptionView.swift */,
			);
			path = View;
			sourceTree = "<group>";
		};
		CC9204132C54D5CD00417B3F /* PhotoLike */ = {
			isa = PBXGroup;
			children = (
				CC9204172C54DA4600417B3F /* Repository */,
				CC9204142C54D5E900417B3F /* DTO */,
			);
			path = PhotoLike;
			sourceTree = "<group>";
		};
		CC9204142C54D5E900417B3F /* DTO */ = {
			isa = PBXGroup;
			children = (
				CC9204152C54D65B00417B3F /* PhotoLikeDTO.swift */,
			);
			path = DTO;
			sourceTree = "<group>";
		};
		CC9204172C54DA4600417B3F /* Repository */ = {
			isa = PBXGroup;
			children = (
				CC9204182C54DA5900417B3F /* PhotoLikeRepository.swift */,
			);
			path = Repository;
			sourceTree = "<group>";
		};
		CC92041A2C54DFF600417B3F /* ViewModel */ = {
			isa = PBXGroup;
			children = (
				CC92041B2C54E00500417B3F /* PhotoLikeViewModel.swift */,
			);
			path = ViewModel;
			sourceTree = "<group>";
		};
		CC92041D2C54F49300417B3F /* Service */ = {
			isa = PBXGroup;
			children = (
				CC92041E2C54F4A200417B3F /* PhotoSearchService.swift */,
			);
			path = Service;
			sourceTree = "<group>";
		};
		CCEF3E412C4FBA5B006CAA4E /* Extension */ = {
			isa = PBXGroup;
			children = (
				CCEF3E422C4FBA67006CAA4E /* UIViewController+Extension.swift */,
			);
			path = Extension;
			sourceTree = "<group>";
		};
		CCFA37D02C4E8D5E00C9ADC1 /* LaunchScreen */ = {
			isa = PBXGroup;
			children = (
				CCFA37D32C4E8E5100C9ADC1 /* polaroid.png */,
			);
			path = LaunchScreen;
			sourceTree = "<group>";
		};
		CCFA37D62C4E917000C9ADC1 /* Profile */ = {
			isa = PBXGroup;
			children = (
				CCFA37D72C4E917F00C9ADC1 /* ProfileImageView.swift */,
				CCFA37D92C4E941700C9ADC1 /* CurrentProfileImageView.swift */,
				CCFA37DB2C4E946A00C9ADC1 /* CamerImageView.swift */,
			);
			path = Profile;
			sourceTree = "<group>";
		};
		CCFA37DD2C4E952300C9ADC1 /* ProfileSettingScreen */ = {
			isa = PBXGroup;
			children = (
				CCFA37E52C4E995400C9ADC1 /* Enums */,
				CCFA37EF2C4EB80A00C9ADC1 /* ViewModel */,
				CCFA37DE2C4E953100C9ADC1 /* View */,
			);
			path = ProfileSettingScreen;
			sourceTree = "<group>";
		};
		CCFA37DE2C4E953100C9ADC1 /* View */ = {
			isa = PBXGroup;
			children = (
				CC1904722C50087D0092F4AF /* ProfileSetting */,
				CC1904692C4FC0960092F4AF /* ProfileImageSetting */,
			);
			path = View;
			sourceTree = "<group>";
		};
		CCFA37E52C4E995400C9ADC1 /* Enums */ = {
			isa = PBXGroup;
			children = (
				CCFA37E32C4E98BD00C9ADC1 /* NicknameValidationStatus.swift */,
				CCFA37E62C4E996500C9ADC1 /* ProfileSettingType.swift */,
			);
			path = Enums;
			sourceTree = "<group>";
		};
		CCFA37E92C4E9B5C00C9ADC1 /* New */ = {
			isa = PBXGroup;
			children = (
				CCFA37EB2C4E9B8B00C9ADC1 /* NewProfileSettingViewController.swift */,
			);
			path = New;
			sourceTree = "<group>";
		};
		CCFA37EF2C4EB80A00C9ADC1 /* ViewModel */ = {
			isa = PBXGroup;
			children = (
				CCFA37F02C4EB81900C9ADC1 /* ProfileSettingViewModel.swift */,
				CC1904702C4FC44C0092F4AF /* ProfileImageSettingViewModel.swift */,
			);
			path = ViewModel;
			sourceTree = "<group>";
		};
		CCFA37F42C4EB9F800C9ADC1 /* CustomObservable */ = {
			isa = PBXGroup;
			children = (
				CCFA37F22C4EB9F000C9ADC1 /* Observable.swift */,
			);
			path = CustomObservable;
			sourceTree = "<group>";
		};
		CCFA37F52C4ECA6E00C9ADC1 /* Domain */ = {
			isa = PBXGroup;
			children = (
				CC1904AC2C50DC910092F4AF /* Common */,
				CC9204132C54D5CD00417B3F /* PhotoLike */,
				CC07AD532C538A01008146BF /* PhotoDetail */,
				CC5EC3492C52325B00A54FE4 /* PhotoSearch */,
				CCFA37F62C4ECA7400C9ADC1 /* ProfileSetting */,
				CC19049D2C50CBCE0092F4AF /* TopicTrend */,
			);
			path = Domain;
			sourceTree = "<group>";
		};
		CCFA37F62C4ECA7400C9ADC1 /* ProfileSetting */ = {
			isa = PBXGroup;
			children = (
				CCFA37F72C4ECA8600C9ADC1 /* ProfileRepository.swift */,
			);
			path = ProfileSetting;
			sourceTree = "<group>";
		};
/* End PBXGroup section */

/* Begin PBXNativeTarget section */
		CC5510AA2C4E3C0100A042C2 /* PhotoBliss */ = {
			isa = PBXNativeTarget;
			buildConfigurationList = CC5510BF2C4E3C0200A042C2 /* Build configuration list for PBXNativeTarget "PhotoBliss" */;
			buildPhases = (
				CC5510A72C4E3C0100A042C2 /* Sources */,
				CC5510A82C4E3C0100A042C2 /* Frameworks */,
				CC5510A92C4E3C0100A042C2 /* Resources */,
				CC5510E62C4E57D400A042C2 /* Embed Frameworks */,
			);
			buildRules = (
			);
			dependencies = (
			);
			name = PhotoBliss;
			packageProductDependencies = (
				CC5510C52C4E3DAD00A042C2 /* Then */,
				CC5510C82C4E3DB800A042C2 /* SnapKit */,
				CC5510CB2C4E3DF300A042C2 /* RealmSwift */,
				CC5510CE2C4E3E0C00A042C2 /* Alamofire */,
				CC5510D12C4E3E1800A042C2 /* Toast */,
				CC5510D42C4E3E7800A042C2 /* Kingfisher */,
			);
			productName = PhotoBliss;
			productReference = CC5510AB2C4E3C0100A042C2 /* PhotoBliss.app */;
			productType = "com.apple.product-type.application";
		};
/* End PBXNativeTarget section */

/* Begin PBXProject section */
		CC5510A32C4E3C0100A042C2 /* Project object */ = {
			isa = PBXProject;
			attributes = {
				BuildIndependentTargetsInParallel = 1;
				LastSwiftUpdateCheck = 1540;
				LastUpgradeCheck = 1540;
				TargetAttributes = {
					CC5510AA2C4E3C0100A042C2 = {
						CreatedOnToolsVersion = 15.4;
					};
				};
			};
			buildConfigurationList = CC5510A62C4E3C0100A042C2 /* Build configuration list for PBXProject "PhotoBliss" */;
			compatibilityVersion = "Xcode 14.0";
			developmentRegion = en;
			hasScannedForEncodings = 0;
			knownRegions = (
				en,
				Base,
			);
			mainGroup = CC5510A22C4E3C0100A042C2;
			packageReferences = (
				CC5510C42C4E3DAD00A042C2 /* XCRemoteSwiftPackageReference "Then" */,
				CC5510C72C4E3DB800A042C2 /* XCRemoteSwiftPackageReference "SnapKit" */,
				CC5510CA2C4E3DF300A042C2 /* XCRemoteSwiftPackageReference "realm-swift" */,
				CC5510CD2C4E3E0C00A042C2 /* XCRemoteSwiftPackageReference "Alamofire" */,
				CC5510D02C4E3E1800A042C2 /* XCRemoteSwiftPackageReference "Toast-Swift" */,
				CC5510D32C4E3E7800A042C2 /* XCRemoteSwiftPackageReference "Kingfisher" */,
			);
			productRefGroup = CC5510AC2C4E3C0100A042C2 /* Products */;
			projectDirPath = "";
			projectRoot = "";
			targets = (
				CC5510AA2C4E3C0100A042C2 /* PhotoBliss */,
			);
		};
/* End PBXProject section */

/* Begin PBXResourcesBuildPhase section */
		CC5510A92C4E3C0100A042C2 /* Resources */ = {
			isa = PBXResourcesBuildPhase;
			buildActionMask = 2147483647;
			files = (
				CCFA37CF2C4E8C4300C9ADC1 /* LaunchScreen.storyboard in Resources */,
				CC5510B82C4E3C0200A042C2 /* Assets.xcassets in Resources */,
				CCFA37D42C4E8E5100C9ADC1 /* polaroid.png in Resources */,
			);
			runOnlyForDeploymentPostprocessing = 0;
		};
/* End PBXResourcesBuildPhase section */

/* Begin PBXSourcesBuildPhase section */
		CC5510A72C4E3C0100A042C2 /* Sources */ = {
			isa = PBXSourcesBuildPhase;
			buildActionMask = 2147483647;
			files = (
				CC07AD5B2C53BDC2008146BF /* PhotoDetailViewModel.swift in Sources */,
				CC5EC3522C5248B700A54FE4 /* TopicTrendQueryDTO.swift in Sources */,
				CC1904A12C50CCF90092F4AF /* TopicTrendModel.swift in Sources */,
				CC9204162C54D65B00417B3F /* PhotoLikeDTO.swift in Sources */,
				CCEF3E432C4FBA67006CAA4E /* UIViewController+Extension.swift in Sources */,
				CCA266082C5677E200826F9F /* ToastStyle+Extension.swift in Sources */,
				CC5510B32C4E3C0100A042C2 /* OnboardingViewController.swift in Sources */,
				CCFA37F32C4EB9F000C9ADC1 /* Observable.swift in Sources */,
				CC5510DC2C4E453F00A042C2 /* Literal.swift in Sources */,
				CCFA37DC2C4E946A00C9ADC1 /* CamerImageView.swift in Sources */,
				CC07AD562C538A22008146BF /* PhotoDetailModel.swift in Sources */,
				CC5511002C4E700300A042C2 /* TextButton.swift in Sources */,
				CC5510ED2C4E58DE00A042C2 /* RootViewProtocol.swift in Sources */,
				CC07AD622C53C839008146BF /* PhotoStatisticQueryDTO.swift in Sources */,
				CCA266062C5674D800826F9F /* MbtiCollectionViewCell.swift in Sources */,
				CC1904A92C50D3E20092F4AF /* StarCountView.swift in Sources */,
				CC1904712C4FC44C0092F4AF /* ProfileImageSettingViewModel.swift in Sources */,
				CC07AD5E2C53C49E008146BF /* PhotoStatisticDTO.swift in Sources */,
				CC5510FC2C4E6D4600A042C2 /* ReusableProtocol.swift in Sources */,
				CC19046F2C4FC1D70092F4AF /* ProfileImageCollectionViewCell.swift in Sources */,
				CC1904A72C50D2860092F4AF /* PhotoCollectionViewCell.swift in Sources */,
				CC5510AF2C4E3C0100A042C2 /* AppDelegate.swift in Sources */,
				CC07AD652C53C8D1008146BF /* PhotoDetailRepository.swift in Sources */,
				CCFA37FA2C4ECAB900C9ADC1 /* UserDefaultsKey.swift in Sources */,
				CC1904BE2C511D3B0092F4AF /* NetworkManger.swift in Sources */,
				CC07AD582C538F46008146BF /* PhotoDetailViewController.swift in Sources */,
				CC1904B22C50E8C60092F4AF /* TopicTrendTableViewCell.swift in Sources */,
				CCFA37E72C4E996500C9ADC1 /* ProfileSettingType.swift in Sources */,
				CC1904B02C50E69F0092F4AF /* TopicTrendRootView.swift in Sources */,
				CC5510F22C4E603B00A042C2 /* NavigationController.swift in Sources */,
				CC92041F2C54F4A200417B3F /* PhotoSearchService.swift in Sources */,
				CC5510F82C4E6CD300A042C2 /* BaseCollectionViewCell.swift in Sources */,
				CC07AD482C527296008146BF /* PhotoSearchResultDTO.swift in Sources */,
				CC5510F62C4E6BC300A042C2 /* BaseTableViewCell.swift in Sources */,
				CC07AD502C537F42008146BF /* PhotoDetailHeaderView.swift in Sources */,
				CC2A7B782C524E1300E51944 /* PhotoDTO.swift in Sources */,
				CCFA37D82C4E917F00C9ADC1 /* ProfileImageView.swift in Sources */,
				CC1904B62C5110050092F4AF /* APIKey.swift in Sources */,
				CC5EC34F2C52347F00A54FE4 /* PhotoSearchQueryDTO.swift in Sources */,
				CC19046B2C4FC0E40092F4AF /* ProfileImageSettingViewController.swift in Sources */,
				CC5EC33F2C520F1F00A54FE4 /* PhotoSearchViewController.swift in Sources */,
				CC9204212C54F7B000417B3F /* PhotoSearchDomain.swift in Sources */,
				CC92040E2C54CA7A00417B3F /* PhotoLikeRootView.swift in Sources */,
				CC1904B42C5106F20092F4AF /* TopicTrendViewController.swift in Sources */,
				CC9204232C555D4E00417B3F /* PhotoSearchOptionView.swift in Sources */,
				CC2A7B7E2C52562200E51944 /* PhotoSearchRepository.swift in Sources */,
				CC9204192C54DA5900417B3F /* PhotoLikeRepository.swift in Sources */,
				CC1904AB2C50D8360092F4AF /* LikeButton.swift in Sources */,
				CCFA37DA2C4E941700C9ADC1 /* CurrentProfileImageView.swift in Sources */,
				CC92041C2C54E00500417B3F /* PhotoLikeViewModel.swift in Sources */,
				CC07AD692C53DCC9008146BF /* EmptyResultView.swift in Sources */,
				CC5510E22C4E45F000A042C2 /* UIImage+Extension.swift in Sources */,
				CC07AD522C538538008146BF /* PhotoDetailInfoView.swift in Sources */,
				CC1904C12C511D720092F4AF /* UnsplashRequest.swift in Sources */,
				CC2A7B7C2C5255BB00E51944 /* PhotoSearchQueryModel.swift in Sources */,
				CC1904B92C511BD20092F4AF /* TopicTrendViewModel.swift in Sources */,
				CC1904AE2C50DC9A0092F4AF /* PhotoCellModel.swift in Sources */,
				CCA2660A2C567CB700826F9F /* BaseButton.swift in Sources */,
				CC9204272C55651A00417B3F /* PhotoLikeOptionView.swift in Sources */,
				CC5510DF2C4E455700A042C2 /* UIFont+Extension.swift in Sources */,
				CC07AD4E2C537E51008146BF /* PhotoDetailRootView.swift in Sources */,
				CC5EC3412C520F2D00A54FE4 /* PhotoSearchRootView.swift in Sources */,
				CCFA37E42C4E98BD00C9ADC1 /* NicknameValidationStatus.swift in Sources */,
				CCFA37EC2C4E9B8B00C9ADC1 /* NewProfileSettingViewController.swift in Sources */,
				CC07AD672C53D31E008146BF /* DateFormatManager.swift in Sources */,
				CC1904BC2C511D000092F4AF /* TopicTrendRepository.swift in Sources */,
				CC5510F42C4E6AAD00A042C2 /* BaseView.swift in Sources */,
				CC5EC3452C5215B300A54FE4 /* PhotoSearchViewModel.swift in Sources */,
				CC1904772C5018220092F4AF /* TabBarController.swift in Sources */,
				CCFA37F12C4EB81900C9ADC1 /* ProfileSettingViewModel.swift in Sources */,
				CC19046D2C4FC17B0092F4AF /* ProfileImageSettingView.swift in Sources */,
				CCFA37E02C4E96A700C9ADC1 /* ProfileSettingView.swift in Sources */,
				CC5510EB2C4E588B00A042C2 /* BaseViewController.swift in Sources */,
				CC9204252C555E9E00417B3F /* OrderByButton.swift in Sources */,
				CC9204112C54D12900417B3F /* PhotoLikeViewController.swift in Sources */,
				CCFA37E22C4E980C00C9ADC1 /* NicknameTextFieldView.swift in Sources */,
				CC1904752C5017CF0092F4AF /* NavigationManager.swift in Sources */,
				CC5510B12C4E3C0100A042C2 /* SceneDelegate.swift in Sources */,
				CCFA37F82C4ECA8600C9ADC1 /* ProfileRepository.swift in Sources */,
			);
			runOnlyForDeploymentPostprocessing = 0;
		};
/* End PBXSourcesBuildPhase section */

/* Begin XCBuildConfiguration section */
		CC5510BD2C4E3C0200A042C2 /* Debug */ = {
			isa = XCBuildConfiguration;
			buildSettings = {
				ALWAYS_SEARCH_USER_PATHS = NO;
				ASSETCATALOG_COMPILER_GENERATE_SWIFT_ASSET_SYMBOL_EXTENSIONS = YES;
				CLANG_ANALYZER_NONNULL = YES;
				CLANG_ANALYZER_NUMBER_OBJECT_CONVERSION = YES_AGGRESSIVE;
				CLANG_CXX_LANGUAGE_STANDARD = "gnu++20";
				CLANG_ENABLE_MODULES = YES;
				CLANG_ENABLE_OBJC_ARC = YES;
				CLANG_ENABLE_OBJC_WEAK = YES;
				CLANG_WARN_BLOCK_CAPTURE_AUTORELEASING = YES;
				CLANG_WARN_BOOL_CONVERSION = YES;
				CLANG_WARN_COMMA = YES;
				CLANG_WARN_CONSTANT_CONVERSION = YES;
				CLANG_WARN_DEPRECATED_OBJC_IMPLEMENTATIONS = YES;
				CLANG_WARN_DIRECT_OBJC_ISA_USAGE = YES_ERROR;
				CLANG_WARN_DOCUMENTATION_COMMENTS = YES;
				CLANG_WARN_EMPTY_BODY = YES;
				CLANG_WARN_ENUM_CONVERSION = YES;
				CLANG_WARN_INFINITE_RECURSION = YES;
				CLANG_WARN_INT_CONVERSION = YES;
				CLANG_WARN_NON_LITERAL_NULL_CONVERSION = YES;
				CLANG_WARN_OBJC_IMPLICIT_RETAIN_SELF = YES;
				CLANG_WARN_OBJC_LITERAL_CONVERSION = YES;
				CLANG_WARN_OBJC_ROOT_CLASS = YES_ERROR;
				CLANG_WARN_QUOTED_INCLUDE_IN_FRAMEWORK_HEADER = YES;
				CLANG_WARN_RANGE_LOOP_ANALYSIS = YES;
				CLANG_WARN_STRICT_PROTOTYPES = YES;
				CLANG_WARN_SUSPICIOUS_MOVE = YES;
				CLANG_WARN_UNGUARDED_AVAILABILITY = YES_AGGRESSIVE;
				CLANG_WARN_UNREACHABLE_CODE = YES;
				CLANG_WARN__DUPLICATE_METHOD_MATCH = YES;
				COPY_PHASE_STRIP = NO;
				DEBUG_INFORMATION_FORMAT = dwarf;
				ENABLE_STRICT_OBJC_MSGSEND = YES;
				ENABLE_TESTABILITY = YES;
				ENABLE_USER_SCRIPT_SANDBOXING = YES;
				GCC_C_LANGUAGE_STANDARD = gnu17;
				GCC_DYNAMIC_NO_PIC = NO;
				GCC_NO_COMMON_BLOCKS = YES;
				GCC_OPTIMIZATION_LEVEL = 0;
				GCC_PREPROCESSOR_DEFINITIONS = (
					"DEBUG=1",
					"$(inherited)",
				);
				GCC_WARN_64_TO_32_BIT_CONVERSION = YES;
				GCC_WARN_ABOUT_RETURN_TYPE = YES_ERROR;
				GCC_WARN_UNDECLARED_SELECTOR = YES;
				GCC_WARN_UNINITIALIZED_AUTOS = YES_AGGRESSIVE;
				GCC_WARN_UNUSED_FUNCTION = YES;
				GCC_WARN_UNUSED_VARIABLE = YES;
				IPHONEOS_DEPLOYMENT_TARGET = 15.0;
				LOCALIZATION_PREFERS_STRING_CATALOGS = YES;
				MTL_ENABLE_DEBUG_INFO = INCLUDE_SOURCE;
				MTL_FAST_MATH = YES;
				ONLY_ACTIVE_ARCH = YES;
				SDKROOT = iphoneos;
				SWIFT_ACTIVE_COMPILATION_CONDITIONS = "DEBUG $(inherited)";
				SWIFT_OPTIMIZATION_LEVEL = "-Onone";
			};
			name = Debug;
		};
		CC5510BE2C4E3C0200A042C2 /* Release */ = {
			isa = XCBuildConfiguration;
			buildSettings = {
				ALWAYS_SEARCH_USER_PATHS = NO;
				ASSETCATALOG_COMPILER_GENERATE_SWIFT_ASSET_SYMBOL_EXTENSIONS = YES;
				CLANG_ANALYZER_NONNULL = YES;
				CLANG_ANALYZER_NUMBER_OBJECT_CONVERSION = YES_AGGRESSIVE;
				CLANG_CXX_LANGUAGE_STANDARD = "gnu++20";
				CLANG_ENABLE_MODULES = YES;
				CLANG_ENABLE_OBJC_ARC = YES;
				CLANG_ENABLE_OBJC_WEAK = YES;
				CLANG_WARN_BLOCK_CAPTURE_AUTORELEASING = YES;
				CLANG_WARN_BOOL_CONVERSION = YES;
				CLANG_WARN_COMMA = YES;
				CLANG_WARN_CONSTANT_CONVERSION = YES;
				CLANG_WARN_DEPRECATED_OBJC_IMPLEMENTATIONS = YES;
				CLANG_WARN_DIRECT_OBJC_ISA_USAGE = YES_ERROR;
				CLANG_WARN_DOCUMENTATION_COMMENTS = YES;
				CLANG_WARN_EMPTY_BODY = YES;
				CLANG_WARN_ENUM_CONVERSION = YES;
				CLANG_WARN_INFINITE_RECURSION = YES;
				CLANG_WARN_INT_CONVERSION = YES;
				CLANG_WARN_NON_LITERAL_NULL_CONVERSION = YES;
				CLANG_WARN_OBJC_IMPLICIT_RETAIN_SELF = YES;
				CLANG_WARN_OBJC_LITERAL_CONVERSION = YES;
				CLANG_WARN_OBJC_ROOT_CLASS = YES_ERROR;
				CLANG_WARN_QUOTED_INCLUDE_IN_FRAMEWORK_HEADER = YES;
				CLANG_WARN_RANGE_LOOP_ANALYSIS = YES;
				CLANG_WARN_STRICT_PROTOTYPES = YES;
				CLANG_WARN_SUSPICIOUS_MOVE = YES;
				CLANG_WARN_UNGUARDED_AVAILABILITY = YES_AGGRESSIVE;
				CLANG_WARN_UNREACHABLE_CODE = YES;
				CLANG_WARN__DUPLICATE_METHOD_MATCH = YES;
				COPY_PHASE_STRIP = NO;
				DEBUG_INFORMATION_FORMAT = "dwarf-with-dsym";
				ENABLE_NS_ASSERTIONS = NO;
				ENABLE_STRICT_OBJC_MSGSEND = YES;
				ENABLE_USER_SCRIPT_SANDBOXING = YES;
				GCC_C_LANGUAGE_STANDARD = gnu17;
				GCC_NO_COMMON_BLOCKS = YES;
				GCC_WARN_64_TO_32_BIT_CONVERSION = YES;
				GCC_WARN_ABOUT_RETURN_TYPE = YES_ERROR;
				GCC_WARN_UNDECLARED_SELECTOR = YES;
				GCC_WARN_UNINITIALIZED_AUTOS = YES_AGGRESSIVE;
				GCC_WARN_UNUSED_FUNCTION = YES;
				GCC_WARN_UNUSED_VARIABLE = YES;
				IPHONEOS_DEPLOYMENT_TARGET = 15.0;
				LOCALIZATION_PREFERS_STRING_CATALOGS = YES;
				MTL_ENABLE_DEBUG_INFO = NO;
				MTL_FAST_MATH = YES;
				SDKROOT = iphoneos;
				SWIFT_COMPILATION_MODE = wholemodule;
				VALIDATE_PRODUCT = YES;
			};
			name = Release;
		};
		CC5510C02C4E3C0200A042C2 /* Debug */ = {
			isa = XCBuildConfiguration;
			buildSettings = {
				ASSETCATALOG_COMPILER_APPICON_NAME = AppIcon;
				ASSETCATALOG_COMPILER_GLOBAL_ACCENT_COLOR_NAME = AccentColor;
				CODE_SIGN_STYLE = Automatic;
				CURRENT_PROJECT_VERSION = 1;
				DEVELOPMENT_TEAM = YWNQ4RZBTS;
				GENERATE_INFOPLIST_FILE = YES;
				INFOPLIST_FILE = PhotoBliss/Info.plist;
				INFOPLIST_KEY_UIApplicationSupportsIndirectInputEvents = YES;
				INFOPLIST_KEY_UILaunchStoryboardName = LaunchScreen;
				INFOPLIST_KEY_UISupportedInterfaceOrientations = UIInterfaceOrientationPortrait;
				INFOPLIST_KEY_UISupportedInterfaceOrientations_iPad = UIInterfaceOrientationPortrait;
				IPHONEOS_DEPLOYMENT_TARGET = 15.0;
				LD_RUNPATH_SEARCH_PATHS = (
					"$(inherited)",
					"@executable_path/Frameworks",
				);
				MARKETING_VERSION = 1.0;
				PRODUCT_BUNDLE_IDENTIFIER = com.jinyoo.sesac.PhotoBliss;
				PRODUCT_NAME = "$(TARGET_NAME)";
				SUPPORTED_PLATFORMS = "iphoneos iphonesimulator";
				SUPPORTS_MACCATALYST = NO;
				SUPPORTS_MAC_DESIGNED_FOR_IPHONE_IPAD = NO;
				SUPPORTS_XR_DESIGNED_FOR_IPHONE_IPAD = NO;
				SWIFT_EMIT_LOC_STRINGS = YES;
				SWIFT_VERSION = 5.0;
				TARGETED_DEVICE_FAMILY = 1;
			};
			name = Debug;
		};
		CC5510C12C4E3C0200A042C2 /* Release */ = {
			isa = XCBuildConfiguration;
			buildSettings = {
				ASSETCATALOG_COMPILER_APPICON_NAME = AppIcon;
				ASSETCATALOG_COMPILER_GLOBAL_ACCENT_COLOR_NAME = AccentColor;
				CODE_SIGN_STYLE = Automatic;
				CURRENT_PROJECT_VERSION = 1;
				DEVELOPMENT_TEAM = YWNQ4RZBTS;
				GENERATE_INFOPLIST_FILE = YES;
				INFOPLIST_FILE = PhotoBliss/Info.plist;
				INFOPLIST_KEY_UIApplicationSupportsIndirectInputEvents = YES;
				INFOPLIST_KEY_UILaunchStoryboardName = LaunchScreen;
				INFOPLIST_KEY_UISupportedInterfaceOrientations = UIInterfaceOrientationPortrait;
				INFOPLIST_KEY_UISupportedInterfaceOrientations_iPad = UIInterfaceOrientationPortrait;
				IPHONEOS_DEPLOYMENT_TARGET = 15.0;
				LD_RUNPATH_SEARCH_PATHS = (
					"$(inherited)",
					"@executable_path/Frameworks",
				);
				MARKETING_VERSION = 1.0;
				PRODUCT_BUNDLE_IDENTIFIER = com.jinyoo.sesac.PhotoBliss;
				PRODUCT_NAME = "$(TARGET_NAME)";
				SUPPORTED_PLATFORMS = "iphoneos iphonesimulator";
				SUPPORTS_MACCATALYST = NO;
				SUPPORTS_MAC_DESIGNED_FOR_IPHONE_IPAD = NO;
				SUPPORTS_XR_DESIGNED_FOR_IPHONE_IPAD = NO;
				SWIFT_EMIT_LOC_STRINGS = YES;
				SWIFT_VERSION = 5.0;
				TARGETED_DEVICE_FAMILY = 1;
			};
			name = Release;
		};
/* End XCBuildConfiguration section */

/* Begin XCConfigurationList section */
		CC5510A62C4E3C0100A042C2 /* Build configuration list for PBXProject "PhotoBliss" */ = {
			isa = XCConfigurationList;
			buildConfigurations = (
				CC5510BD2C4E3C0200A042C2 /* Debug */,
				CC5510BE2C4E3C0200A042C2 /* Release */,
			);
			defaultConfigurationIsVisible = 0;
			defaultConfigurationName = Release;
		};
		CC5510BF2C4E3C0200A042C2 /* Build configuration list for PBXNativeTarget "PhotoBliss" */ = {
			isa = XCConfigurationList;
			buildConfigurations = (
				CC5510C02C4E3C0200A042C2 /* Debug */,
				CC5510C12C4E3C0200A042C2 /* Release */,
			);
			defaultConfigurationIsVisible = 0;
			defaultConfigurationName = Release;
		};
/* End XCConfigurationList section */

/* Begin XCRemoteSwiftPackageReference section */
		CC5510C42C4E3DAD00A042C2 /* XCRemoteSwiftPackageReference "Then" */ = {
			isa = XCRemoteSwiftPackageReference;
			repositoryURL = "https://github.com/devxoul/Then.git";
			requirement = {
				kind = upToNextMajorVersion;
				minimumVersion = 3.0.0;
			};
		};
		CC5510C72C4E3DB800A042C2 /* XCRemoteSwiftPackageReference "SnapKit" */ = {
			isa = XCRemoteSwiftPackageReference;
			repositoryURL = "https://github.com/SnapKit/SnapKit.git";
			requirement = {
				kind = upToNextMajorVersion;
				minimumVersion = 5.7.1;
			};
		};
		CC5510CA2C4E3DF300A042C2 /* XCRemoteSwiftPackageReference "realm-swift" */ = {
			isa = XCRemoteSwiftPackageReference;
			repositoryURL = "https://github.com/realm/realm-swift.git";
			requirement = {
				kind = exactVersion;
				version = 10.52.2;
			};
		};
		CC5510CD2C4E3E0C00A042C2 /* XCRemoteSwiftPackageReference "Alamofire" */ = {
			isa = XCRemoteSwiftPackageReference;
			repositoryURL = "https://github.com/Alamofire/Alamofire.git";
			requirement = {
				kind = upToNextMajorVersion;
				minimumVersion = 5.9.1;
			};
		};
		CC5510D02C4E3E1800A042C2 /* XCRemoteSwiftPackageReference "Toast-Swift" */ = {
			isa = XCRemoteSwiftPackageReference;
			repositoryURL = "https://github.com/scalessec/Toast-Swift.git";
			requirement = {
				kind = upToNextMajorVersion;
				minimumVersion = 5.1.1;
			};
		};
		CC5510D32C4E3E7800A042C2 /* XCRemoteSwiftPackageReference "Kingfisher" */ = {
			isa = XCRemoteSwiftPackageReference;
			repositoryURL = "https://github.com/onevcat/Kingfisher";
			requirement = {
				kind = upToNextMajorVersion;
				minimumVersion = 7.12.0;
			};
		};
/* End XCRemoteSwiftPackageReference section */

/* Begin XCSwiftPackageProductDependency section */
		CC5510C52C4E3DAD00A042C2 /* Then */ = {
			isa = XCSwiftPackageProductDependency;
			package = CC5510C42C4E3DAD00A042C2 /* XCRemoteSwiftPackageReference "Then" */;
			productName = Then;
		};
		CC5510C82C4E3DB800A042C2 /* SnapKit */ = {
			isa = XCSwiftPackageProductDependency;
			package = CC5510C72C4E3DB800A042C2 /* XCRemoteSwiftPackageReference "SnapKit" */;
			productName = SnapKit;
		};
		CC5510CB2C4E3DF300A042C2 /* RealmSwift */ = {
			isa = XCSwiftPackageProductDependency;
			package = CC5510CA2C4E3DF300A042C2 /* XCRemoteSwiftPackageReference "realm-swift" */;
			productName = RealmSwift;
		};
		CC5510CE2C4E3E0C00A042C2 /* Alamofire */ = {
			isa = XCSwiftPackageProductDependency;
			package = CC5510CD2C4E3E0C00A042C2 /* XCRemoteSwiftPackageReference "Alamofire" */;
			productName = Alamofire;
		};
		CC5510D12C4E3E1800A042C2 /* Toast */ = {
			isa = XCSwiftPackageProductDependency;
			package = CC5510D02C4E3E1800A042C2 /* XCRemoteSwiftPackageReference "Toast-Swift" */;
			productName = Toast;
		};
		CC5510D42C4E3E7800A042C2 /* Kingfisher */ = {
			isa = XCSwiftPackageProductDependency;
			package = CC5510D32C4E3E7800A042C2 /* XCRemoteSwiftPackageReference "Kingfisher" */;
			productName = Kingfisher;
		};
/* End XCSwiftPackageProductDependency section */
	};
	rootObject = CC5510A32C4E3C0100A042C2 /* Project object */;
}
