// !$*UTF8*$!
{
	archiveVersion = 1;
	classes = {
	};
	objectVersion = 56;
	objects = {

/* Begin PBXBuildFile section */
		CC5510AF2C4E3C0100A042C2 /* AppDelegate.swift in Sources */ = {isa = PBXBuildFile; fileRef = CC5510AE2C4E3C0100A042C2 /* AppDelegate.swift */; };
		CC5510B12C4E3C0100A042C2 /* SceneDelegate.swift in Sources */ = {isa = PBXBuildFile; fileRef = CC5510B02C4E3C0100A042C2 /* SceneDelegate.swift */; };
		CC5510B32C4E3C0100A042C2 /* ViewController.swift in Sources */ = {isa = PBXBuildFile; fileRef = CC5510B22C4E3C0100A042C2 /* ViewController.swift */; };
		CC5510B82C4E3C0200A042C2 /* Assets.xcassets in Resources */ = {isa = PBXBuildFile; fileRef = CC5510B72C4E3C0200A042C2 /* Assets.xcassets */; };
		CC5510BB2C4E3C0200A042C2 /* Base in Resources */ = {isa = PBXBuildFile; fileRef = CC5510BA2C4E3C0200A042C2 /* Base */; };
		CC5510C62C4E3DAD00A042C2 /* Then in Frameworks */ = {isa = PBXBuildFile; productRef = CC5510C52C4E3DAD00A042C2 /* Then */; };
		CC5510C92C4E3DB800A042C2 /* SnapKit in Frameworks */ = {isa = PBXBuildFile; productRef = CC5510C82C4E3DB800A042C2 /* SnapKit */; };
		CC5510CC2C4E3DF300A042C2 /* RealmSwift in Frameworks */ = {isa = PBXBuildFile; productRef = CC5510CB2C4E3DF300A042C2 /* RealmSwift */; };
		CC5510CF2C4E3E0C00A042C2 /* Alamofire in Frameworks */ = {isa = PBXBuildFile; productRef = CC5510CE2C4E3E0C00A042C2 /* Alamofire */; };
		CC5510D22C4E3E1800A042C2 /* Toast in Frameworks */ = {isa = PBXBuildFile; productRef = CC5510D12C4E3E1800A042C2 /* Toast */; };
		CC5510D52C4E3E7800A042C2 /* Kingfisher in Frameworks */ = {isa = PBXBuildFile; productRef = CC5510D42C4E3E7800A042C2 /* Kingfisher */; };
		CC5510DC2C4E453F00A042C2 /* Literal.swift in Sources */ = {isa = PBXBuildFile; fileRef = CC5510DB2C4E453F00A042C2 /* Literal.swift */; };
		CC5510DF2C4E455700A042C2 /* UIFont+Extension.swift in Sources */ = {isa = PBXBuildFile; fileRef = CC5510DE2C4E455700A042C2 /* UIFont+Extension.swift */; };
		CC5510E22C4E45F000A042C2 /* UIImage+Extension.swift in Sources */ = {isa = PBXBuildFile; fileRef = CC5510E12C4E45F000A042C2 /* UIImage+Extension.swift */; };
		CC5510E52C4E57D400A042C2 /* RealmSwift in Embed Frameworks */ = {isa = PBXBuildFile; productRef = CC5510CB2C4E3DF300A042C2 /* RealmSwift */; settings = {ATTRIBUTES = (CodeSignOnCopy, ); }; };
		CC5510EB2C4E588B00A042C2 /* BaseViewController.swift in Sources */ = {isa = PBXBuildFile; fileRef = CC5510EA2C4E588B00A042C2 /* BaseViewController.swift */; };
		CC5510ED2C4E58DE00A042C2 /* RootViewProtocol.swift in Sources */ = {isa = PBXBuildFile; fileRef = CC5510EC2C4E58DE00A042C2 /* RootViewProtocol.swift */; };
		CC5510F22C4E603B00A042C2 /* NavigationController.swift in Sources */ = {isa = PBXBuildFile; fileRef = CC5510F12C4E603B00A042C2 /* NavigationController.swift */; };
/* End PBXBuildFile section */

/* Begin PBXCopyFilesBuildPhase section */
		CC5510E62C4E57D400A042C2 /* Embed Frameworks */ = {
			isa = PBXCopyFilesBuildPhase;
			buildActionMask = 2147483647;
			dstPath = "";
			dstSubfolderSpec = 10;
			files = (
				CC5510E52C4E57D400A042C2 /* RealmSwift in Embed Frameworks */,
			);
			name = "Embed Frameworks";
			runOnlyForDeploymentPostprocessing = 0;
		};
/* End PBXCopyFilesBuildPhase section */

/* Begin PBXFileReference section */
		CC5510AB2C4E3C0100A042C2 /* PhotoBliss.app */ = {isa = PBXFileReference; explicitFileType = wrapper.application; includeInIndex = 0; path = PhotoBliss.app; sourceTree = BUILT_PRODUCTS_DIR; };
		CC5510AE2C4E3C0100A042C2 /* AppDelegate.swift */ = {isa = PBXFileReference; lastKnownFileType = sourcecode.swift; path = AppDelegate.swift; sourceTree = "<group>"; };
		CC5510B02C4E3C0100A042C2 /* SceneDelegate.swift */ = {isa = PBXFileReference; lastKnownFileType = sourcecode.swift; path = SceneDelegate.swift; sourceTree = "<group>"; };
		CC5510B22C4E3C0100A042C2 /* ViewController.swift */ = {isa = PBXFileReference; lastKnownFileType = sourcecode.swift; path = ViewController.swift; sourceTree = "<group>"; };
		CC5510B72C4E3C0200A042C2 /* Assets.xcassets */ = {isa = PBXFileReference; lastKnownFileType = folder.assetcatalog; path = Assets.xcassets; sourceTree = "<group>"; };
		CC5510BA2C4E3C0200A042C2 /* Base */ = {isa = PBXFileReference; lastKnownFileType = file.storyboard; name = Base; path = Base.lproj/LaunchScreen.storyboard; sourceTree = "<group>"; };
		CC5510BC2C4E3C0200A042C2 /* Info.plist */ = {isa = PBXFileReference; lastKnownFileType = text.plist.xml; path = Info.plist; sourceTree = "<group>"; };
		CC5510DB2C4E453F00A042C2 /* Literal.swift */ = {isa = PBXFileReference; lastKnownFileType = sourcecode.swift; path = Literal.swift; sourceTree = "<group>"; };
		CC5510DE2C4E455700A042C2 /* UIFont+Extension.swift */ = {isa = PBXFileReference; lastKnownFileType = sourcecode.swift; path = "UIFont+Extension.swift"; sourceTree = "<group>"; };
		CC5510E12C4E45F000A042C2 /* UIImage+Extension.swift */ = {isa = PBXFileReference; lastKnownFileType = sourcecode.swift; path = "UIImage+Extension.swift"; sourceTree = "<group>"; };
		CC5510EA2C4E588B00A042C2 /* BaseViewController.swift */ = {isa = PBXFileReference; lastKnownFileType = sourcecode.swift; path = BaseViewController.swift; sourceTree = "<group>"; };
		CC5510EC2C4E58DE00A042C2 /* RootViewProtocol.swift */ = {isa = PBXFileReference; lastKnownFileType = sourcecode.swift; path = RootViewProtocol.swift; sourceTree = "<group>"; };
		CC5510F12C4E603B00A042C2 /* NavigationController.swift */ = {isa = PBXFileReference; lastKnownFileType = sourcecode.swift; path = NavigationController.swift; sourceTree = "<group>"; };
/* End PBXFileReference section */

/* Begin PBXFrameworksBuildPhase section */
		CC5510A82C4E3C0100A042C2 /* Frameworks */ = {
			isa = PBXFrameworksBuildPhase;
			buildActionMask = 2147483647;
			files = (
				CC5510D52C4E3E7800A042C2 /* Kingfisher in Frameworks */,
				CC5510CC2C4E3DF300A042C2 /* RealmSwift in Frameworks */,
				CC5510CF2C4E3E0C00A042C2 /* Alamofire in Frameworks */,
				CC5510C62C4E3DAD00A042C2 /* Then in Frameworks */,
				CC5510D22C4E3E1800A042C2 /* Toast in Frameworks */,
				CC5510C92C4E3DB800A042C2 /* SnapKit in Frameworks */,
			);
			runOnlyForDeploymentPostprocessing = 0;
		};
/* End PBXFrameworksBuildPhase section */

/* Begin PBXGroup section */
		CC5510A22C4E3C0100A042C2 = {
			isa = PBXGroup;
			children = (
				CC5510AD2C4E3C0100A042C2 /* PhotoBliss */,
				CC5510AC2C4E3C0100A042C2 /* Products */,
			);
			sourceTree = "<group>";
		};
		CC5510AC2C4E3C0100A042C2 /* Products */ = {
			isa = PBXGroup;
			children = (
				CC5510AB2C4E3C0100A042C2 /* PhotoBliss.app */,
			);
			name = Products;
			sourceTree = "<group>";
		};
		CC5510AD2C4E3C0100A042C2 /* PhotoBliss */ = {
			isa = PBXGroup;
			children = (
				CC5510D72C4E3EC900A042C2 /* Resources */,
				CC5510D62C4E3EC200A042C2 /* Sources */,
				CC5510BC2C4E3C0200A042C2 /* Info.plist */,
			);
			path = PhotoBliss;
			sourceTree = "<group>";
		};
		CC5510D62C4E3EC200A042C2 /* Sources */ = {
			isa = PBXGroup;
			children = (
				CC5510D92C4E3EDA00A042C2 /* Presenter */,
				CC5510D82C4E3ED200A042C2 /* App */,
			);
			path = Sources;
			sourceTree = "<group>";
		};
		CC5510D72C4E3EC900A042C2 /* Resources */ = {
			isa = PBXGroup;
			children = (
				CC5510DA2C4E451200A042C2 /* Common */,
				CC5510B72C4E3C0200A042C2 /* Assets.xcassets */,
				CC5510B92C4E3C0200A042C2 /* LaunchScreen.storyboard */,
			);
			path = Resources;
			sourceTree = "<group>";
		};
		CC5510D82C4E3ED200A042C2 /* App */ = {
			isa = PBXGroup;
			children = (
				CC5510AE2C4E3C0100A042C2 /* AppDelegate.swift */,
				CC5510B02C4E3C0100A042C2 /* SceneDelegate.swift */,
			);
			path = App;
			sourceTree = "<group>";
		};
		CC5510D92C4E3EDA00A042C2 /* Presenter */ = {
			isa = PBXGroup;
			children = (
				CC5510F02C4E600100A042C2 /* Custom */,
				CC5510E92C4E587D00A042C2 /* Base */,
				CC5510E72C4E584500A042C2 /* Screens */,
				CC5510B22C4E3C0100A042C2 /* ViewController.swift */,
			);
			path = Presenter;
			sourceTree = "<group>";
		};
		CC5510DA2C4E451200A042C2 /* Common */ = {
			isa = PBXGroup;
			children = (
				CC5510DD2C4E454700A042C2 /* Extensions */,
				CC5510DB2C4E453F00A042C2 /* Literal.swift */,
			);
			path = Common;
			sourceTree = "<group>";
		};
		CC5510DD2C4E454700A042C2 /* Extensions */ = {
			isa = PBXGroup;
			children = (
				CC5510DE2C4E455700A042C2 /* UIFont+Extension.swift */,
				CC5510E12C4E45F000A042C2 /* UIImage+Extension.swift */,
			);
			path = Extensions;
			sourceTree = "<group>";
		};
		CC5510E72C4E584500A042C2 /* Screens */ = {
			isa = PBXGroup;
			children = (
				CC5510E82C4E586300A042C2 /* OnboardingScreen */,
			);
			path = Screens;
			sourceTree = "<group>";
		};
		CC5510E82C4E586300A042C2 /* OnboardingScreen */ = {
			isa = PBXGroup;
			children = (
			);
			path = OnboardingScreen;
			sourceTree = "<group>";
		};
		CC5510E92C4E587D00A042C2 /* Base */ = {
			isa = PBXGroup;
			children = (
				CC5510EA2C4E588B00A042C2 /* BaseViewController.swift */,
				CC5510EC2C4E58DE00A042C2 /* RootViewProtocol.swift */,
			);
			path = Base;
			sourceTree = "<group>";
		};
		CC5510F02C4E600100A042C2 /* Custom */ = {
			isa = PBXGroup;
			children = (
				CC5510F12C4E603B00A042C2 /* NavigationController.swift */,
			);
			path = Custom;
			sourceTree = "<group>";
		};
/* End PBXGroup section */

/* Begin PBXNativeTarget section */
		CC5510AA2C4E3C0100A042C2 /* PhotoBliss */ = {
			isa = PBXNativeTarget;
			buildConfigurationList = CC5510BF2C4E3C0200A042C2 /* Build configuration list for PBXNativeTarget "PhotoBliss" */;
			buildPhases = (
				CC5510A72C4E3C0100A042C2 /* Sources */,
				CC5510A82C4E3C0100A042C2 /* Frameworks */,
				CC5510A92C4E3C0100A042C2 /* Resources */,
				CC5510E62C4E57D400A042C2 /* Embed Frameworks */,
			);
			buildRules = (
			);
			dependencies = (
			);
			name = PhotoBliss;
			packageProductDependencies = (
				CC5510C52C4E3DAD00A042C2 /* Then */,
				CC5510C82C4E3DB800A042C2 /* SnapKit */,
				CC5510CB2C4E3DF300A042C2 /* RealmSwift */,
				CC5510CE2C4E3E0C00A042C2 /* Alamofire */,
				CC5510D12C4E3E1800A042C2 /* Toast */,
				CC5510D42C4E3E7800A042C2 /* Kingfisher */,
			);
			productName = PhotoBliss;
			productReference = CC5510AB2C4E3C0100A042C2 /* PhotoBliss.app */;
			productType = "com.apple.product-type.application";
		};
/* End PBXNativeTarget section */

/* Begin PBXProject section */
		CC5510A32C4E3C0100A042C2 /* Project object */ = {
			isa = PBXProject;
			attributes = {
				BuildIndependentTargetsInParallel = 1;
				LastSwiftUpdateCheck = 1540;
				LastUpgradeCheck = 1540;
				TargetAttributes = {
					CC5510AA2C4E3C0100A042C2 = {
						CreatedOnToolsVersion = 15.4;
					};
				};
			};
			buildConfigurationList = CC5510A62C4E3C0100A042C2 /* Build configuration list for PBXProject "PhotoBliss" */;
			compatibilityVersion = "Xcode 14.0";
			developmentRegion = en;
			hasScannedForEncodings = 0;
			knownRegions = (
				en,
				Base,
			);
			mainGroup = CC5510A22C4E3C0100A042C2;
			packageReferences = (
				CC5510C42C4E3DAD00A042C2 /* XCRemoteSwiftPackageReference "Then" */,
				CC5510C72C4E3DB800A042C2 /* XCRemoteSwiftPackageReference "SnapKit" */,
				CC5510CA2C4E3DF300A042C2 /* XCRemoteSwiftPackageReference "realm-swift" */,
				CC5510CD2C4E3E0C00A042C2 /* XCRemoteSwiftPackageReference "Alamofire" */,
				CC5510D02C4E3E1800A042C2 /* XCRemoteSwiftPackageReference "Toast-Swift" */,
				CC5510D32C4E3E7800A042C2 /* XCRemoteSwiftPackageReference "Kingfisher" */,
			);
			productRefGroup = CC5510AC2C4E3C0100A042C2 /* Products */;
			projectDirPath = "";
			projectRoot = "";
			targets = (
				CC5510AA2C4E3C0100A042C2 /* PhotoBliss */,
			);
		};
/* End PBXProject section */

/* Begin PBXResourcesBuildPhase section */
		CC5510A92C4E3C0100A042C2 /* Resources */ = {
			isa = PBXResourcesBuildPhase;
			buildActionMask = 2147483647;
			files = (
				CC5510B82C4E3C0200A042C2 /* Assets.xcassets in Resources */,
				CC5510BB2C4E3C0200A042C2 /* Base in Resources */,
			);
			runOnlyForDeploymentPostprocessing = 0;
		};
/* End PBXResourcesBuildPhase section */

/* Begin PBXSourcesBuildPhase section */
		CC5510A72C4E3C0100A042C2 /* Sources */ = {
			isa = PBXSourcesBuildPhase;
			buildActionMask = 2147483647;
			files = (
				CC5510B32C4E3C0100A042C2 /* ViewController.swift in Sources */,
				CC5510DC2C4E453F00A042C2 /* Literal.swift in Sources */,
				CC5510ED2C4E58DE00A042C2 /* RootViewProtocol.swift in Sources */,
				CC5510AF2C4E3C0100A042C2 /* AppDelegate.swift in Sources */,
				CC5510F22C4E603B00A042C2 /* NavigationController.swift in Sources */,
				CC5510E22C4E45F000A042C2 /* UIImage+Extension.swift in Sources */,
				CC5510DF2C4E455700A042C2 /* UIFont+Extension.swift in Sources */,
				CC5510EB2C4E588B00A042C2 /* BaseViewController.swift in Sources */,
				CC5510B12C4E3C0100A042C2 /* SceneDelegate.swift in Sources */,
			);
			runOnlyForDeploymentPostprocessing = 0;
		};
/* End PBXSourcesBuildPhase section */

/* Begin PBXVariantGroup section */
		CC5510B92C4E3C0200A042C2 /* LaunchScreen.storyboard */ = {
			isa = PBXVariantGroup;
			children = (
				CC5510BA2C4E3C0200A042C2 /* Base */,
			);
			name = LaunchScreen.storyboard;
			sourceTree = "<group>";
		};
/* End PBXVariantGroup section */

/* Begin XCBuildConfiguration section */
		CC5510BD2C4E3C0200A042C2 /* Debug */ = {
			isa = XCBuildConfiguration;
			buildSettings = {
				ALWAYS_SEARCH_USER_PATHS = NO;
				ASSETCATALOG_COMPILER_GENERATE_SWIFT_ASSET_SYMBOL_EXTENSIONS = YES;
				CLANG_ANALYZER_NONNULL = YES;
				CLANG_ANALYZER_NUMBER_OBJECT_CONVERSION = YES_AGGRESSIVE;
				CLANG_CXX_LANGUAGE_STANDARD = "gnu++20";
				CLANG_ENABLE_MODULES = YES;
				CLANG_ENABLE_OBJC_ARC = YES;
				CLANG_ENABLE_OBJC_WEAK = YES;
				CLANG_WARN_BLOCK_CAPTURE_AUTORELEASING = YES;
				CLANG_WARN_BOOL_CONVERSION = YES;
				CLANG_WARN_COMMA = YES;
				CLANG_WARN_CONSTANT_CONVERSION = YES;
				CLANG_WARN_DEPRECATED_OBJC_IMPLEMENTATIONS = YES;
				CLANG_WARN_DIRECT_OBJC_ISA_USAGE = YES_ERROR;
				CLANG_WARN_DOCUMENTATION_COMMENTS = YES;
				CLANG_WARN_EMPTY_BODY = YES;
				CLANG_WARN_ENUM_CONVERSION = YES;
				CLANG_WARN_INFINITE_RECURSION = YES;
				CLANG_WARN_INT_CONVERSION = YES;
				CLANG_WARN_NON_LITERAL_NULL_CONVERSION = YES;
				CLANG_WARN_OBJC_IMPLICIT_RETAIN_SELF = YES;
				CLANG_WARN_OBJC_LITERAL_CONVERSION = YES;
				CLANG_WARN_OBJC_ROOT_CLASS = YES_ERROR;
				CLANG_WARN_QUOTED_INCLUDE_IN_FRAMEWORK_HEADER = YES;
				CLANG_WARN_RANGE_LOOP_ANALYSIS = YES;
				CLANG_WARN_STRICT_PROTOTYPES = YES;
				CLANG_WARN_SUSPICIOUS_MOVE = YES;
				CLANG_WARN_UNGUARDED_AVAILABILITY = YES_AGGRESSIVE;
				CLANG_WARN_UNREACHABLE_CODE = YES;
				CLANG_WARN__DUPLICATE_METHOD_MATCH = YES;
				COPY_PHASE_STRIP = NO;
				DEBUG_INFORMATION_FORMAT = dwarf;
				ENABLE_STRICT_OBJC_MSGSEND = YES;
				ENABLE_TESTABILITY = YES;
				ENABLE_USER_SCRIPT_SANDBOXING = YES;
				GCC_C_LANGUAGE_STANDARD = gnu17;
				GCC_DYNAMIC_NO_PIC = NO;
				GCC_NO_COMMON_BLOCKS = YES;
				GCC_OPTIMIZATION_LEVEL = 0;
				GCC_PREPROCESSOR_DEFINITIONS = (
					"DEBUG=1",
					"$(inherited)",
				);
				GCC_WARN_64_TO_32_BIT_CONVERSION = YES;
				GCC_WARN_ABOUT_RETURN_TYPE = YES_ERROR;
				GCC_WARN_UNDECLARED_SELECTOR = YES;
				GCC_WARN_UNINITIALIZED_AUTOS = YES_AGGRESSIVE;
				GCC_WARN_UNUSED_FUNCTION = YES;
				GCC_WARN_UNUSED_VARIABLE = YES;
				IPHONEOS_DEPLOYMENT_TARGET = 15.0;
				LOCALIZATION_PREFERS_STRING_CATALOGS = YES;
				MTL_ENABLE_DEBUG_INFO = INCLUDE_SOURCE;
				MTL_FAST_MATH = YES;
				ONLY_ACTIVE_ARCH = YES;
				SDKROOT = iphoneos;
				SWIFT_ACTIVE_COMPILATION_CONDITIONS = "DEBUG $(inherited)";
				SWIFT_OPTIMIZATION_LEVEL = "-Onone";
			};
			name = Debug;
		};
		CC5510BE2C4E3C0200A042C2 /* Release */ = {
			isa = XCBuildConfiguration;
			buildSettings = {
				ALWAYS_SEARCH_USER_PATHS = NO;
				ASSETCATALOG_COMPILER_GENERATE_SWIFT_ASSET_SYMBOL_EXTENSIONS = YES;
				CLANG_ANALYZER_NONNULL = YES;
				CLANG_ANALYZER_NUMBER_OBJECT_CONVERSION = YES_AGGRESSIVE;
				CLANG_CXX_LANGUAGE_STANDARD = "gnu++20";
				CLANG_ENABLE_MODULES = YES;
				CLANG_ENABLE_OBJC_ARC = YES;
				CLANG_ENABLE_OBJC_WEAK = YES;
				CLANG_WARN_BLOCK_CAPTURE_AUTORELEASING = YES;
				CLANG_WARN_BOOL_CONVERSION = YES;
				CLANG_WARN_COMMA = YES;
				CLANG_WARN_CONSTANT_CONVERSION = YES;
				CLANG_WARN_DEPRECATED_OBJC_IMPLEMENTATIONS = YES;
				CLANG_WARN_DIRECT_OBJC_ISA_USAGE = YES_ERROR;
				CLANG_WARN_DOCUMENTATION_COMMENTS = YES;
				CLANG_WARN_EMPTY_BODY = YES;
				CLANG_WARN_ENUM_CONVERSION = YES;
				CLANG_WARN_INFINITE_RECURSION = YES;
				CLANG_WARN_INT_CONVERSION = YES;
				CLANG_WARN_NON_LITERAL_NULL_CONVERSION = YES;
				CLANG_WARN_OBJC_IMPLICIT_RETAIN_SELF = YES;
				CLANG_WARN_OBJC_LITERAL_CONVERSION = YES;
				CLANG_WARN_OBJC_ROOT_CLASS = YES_ERROR;
				CLANG_WARN_QUOTED_INCLUDE_IN_FRAMEWORK_HEADER = YES;
				CLANG_WARN_RANGE_LOOP_ANALYSIS = YES;
				CLANG_WARN_STRICT_PROTOTYPES = YES;
				CLANG_WARN_SUSPICIOUS_MOVE = YES;
				CLANG_WARN_UNGUARDED_AVAILABILITY = YES_AGGRESSIVE;
				CLANG_WARN_UNREACHABLE_CODE = YES;
				CLANG_WARN__DUPLICATE_METHOD_MATCH = YES;
				COPY_PHASE_STRIP = NO;
				DEBUG_INFORMATION_FORMAT = "dwarf-with-dsym";
				ENABLE_NS_ASSERTIONS = NO;
				ENABLE_STRICT_OBJC_MSGSEND = YES;
				ENABLE_USER_SCRIPT_SANDBOXING = YES;
				GCC_C_LANGUAGE_STANDARD = gnu17;
				GCC_NO_COMMON_BLOCKS = YES;
				GCC_WARN_64_TO_32_BIT_CONVERSION = YES;
				GCC_WARN_ABOUT_RETURN_TYPE = YES_ERROR;
				GCC_WARN_UNDECLARED_SELECTOR = YES;
				GCC_WARN_UNINITIALIZED_AUTOS = YES_AGGRESSIVE;
				GCC_WARN_UNUSED_FUNCTION = YES;
				GCC_WARN_UNUSED_VARIABLE = YES;
				IPHONEOS_DEPLOYMENT_TARGET = 15.0;
				LOCALIZATION_PREFERS_STRING_CATALOGS = YES;
				MTL_ENABLE_DEBUG_INFO = NO;
				MTL_FAST_MATH = YES;
				SDKROOT = iphoneos;
				SWIFT_COMPILATION_MODE = wholemodule;
				VALIDATE_PRODUCT = YES;
			};
			name = Release;
		};
		CC5510C02C4E3C0200A042C2 /* Debug */ = {
			isa = XCBuildConfiguration;
			buildSettings = {
				ASSETCATALOG_COMPILER_APPICON_NAME = AppIcon;
				ASSETCATALOG_COMPILER_GLOBAL_ACCENT_COLOR_NAME = AccentColor;
				CODE_SIGN_STYLE = Automatic;
				CURRENT_PROJECT_VERSION = 1;
				DEVELOPMENT_TEAM = YWNQ4RZBTS;
				GENERATE_INFOPLIST_FILE = YES;
				INFOPLIST_FILE = PhotoBliss/Info.plist;
				INFOPLIST_KEY_UIApplicationSupportsIndirectInputEvents = YES;
				INFOPLIST_KEY_UILaunchStoryboardName = LaunchScreen;
				INFOPLIST_KEY_UISupportedInterfaceOrientations = UIInterfaceOrientationPortrait;
				INFOPLIST_KEY_UISupportedInterfaceOrientations_iPad = UIInterfaceOrientationPortrait;
				IPHONEOS_DEPLOYMENT_TARGET = 15.0;
				LD_RUNPATH_SEARCH_PATHS = (
					"$(inherited)",
					"@executable_path/Frameworks",
				);
				MARKETING_VERSION = 1.0;
				PRODUCT_BUNDLE_IDENTIFIER = com.jinyoo.sesac.PhotoBliss;
				PRODUCT_NAME = "$(TARGET_NAME)";
				SUPPORTED_PLATFORMS = "iphoneos iphonesimulator";
				SUPPORTS_MACCATALYST = NO;
				SUPPORTS_MAC_DESIGNED_FOR_IPHONE_IPAD = NO;
				SUPPORTS_XR_DESIGNED_FOR_IPHONE_IPAD = NO;
				SWIFT_EMIT_LOC_STRINGS = YES;
				SWIFT_VERSION = 5.0;
				TARGETED_DEVICE_FAMILY = 1;
			};
			name = Debug;
		};
		CC5510C12C4E3C0200A042C2 /* Release */ = {
			isa = XCBuildConfiguration;
			buildSettings = {
				ASSETCATALOG_COMPILER_APPICON_NAME = AppIcon;
				ASSETCATALOG_COMPILER_GLOBAL_ACCENT_COLOR_NAME = AccentColor;
				CODE_SIGN_STYLE = Automatic;
				CURRENT_PROJECT_VERSION = 1;
				DEVELOPMENT_TEAM = YWNQ4RZBTS;
				GENERATE_INFOPLIST_FILE = YES;
				INFOPLIST_FILE = PhotoBliss/Info.plist;
				INFOPLIST_KEY_UIApplicationSupportsIndirectInputEvents = YES;
				INFOPLIST_KEY_UILaunchStoryboardName = LaunchScreen;
				INFOPLIST_KEY_UISupportedInterfaceOrientations = UIInterfaceOrientationPortrait;
				INFOPLIST_KEY_UISupportedInterfaceOrientations_iPad = UIInterfaceOrientationPortrait;
				IPHONEOS_DEPLOYMENT_TARGET = 15.0;
				LD_RUNPATH_SEARCH_PATHS = (
					"$(inherited)",
					"@executable_path/Frameworks",
				);
				MARKETING_VERSION = 1.0;
				PRODUCT_BUNDLE_IDENTIFIER = com.jinyoo.sesac.PhotoBliss;
				PRODUCT_NAME = "$(TARGET_NAME)";
				SUPPORTED_PLATFORMS = "iphoneos iphonesimulator";
				SUPPORTS_MACCATALYST = NO;
				SUPPORTS_MAC_DESIGNED_FOR_IPHONE_IPAD = NO;
				SUPPORTS_XR_DESIGNED_FOR_IPHONE_IPAD = NO;
				SWIFT_EMIT_LOC_STRINGS = YES;
				SWIFT_VERSION = 5.0;
				TARGETED_DEVICE_FAMILY = 1;
			};
			name = Release;
		};
/* End XCBuildConfiguration section */

/* Begin XCConfigurationList section */
		CC5510A62C4E3C0100A042C2 /* Build configuration list for PBXProject "PhotoBliss" */ = {
			isa = XCConfigurationList;
			buildConfigurations = (
				CC5510BD2C4E3C0200A042C2 /* Debug */,
				CC5510BE2C4E3C0200A042C2 /* Release */,
			);
			defaultConfigurationIsVisible = 0;
			defaultConfigurationName = Release;
		};
		CC5510BF2C4E3C0200A042C2 /* Build configuration list for PBXNativeTarget "PhotoBliss" */ = {
			isa = XCConfigurationList;
			buildConfigurations = (
				CC5510C02C4E3C0200A042C2 /* Debug */,
				CC5510C12C4E3C0200A042C2 /* Release */,
			);
			defaultConfigurationIsVisible = 0;
			defaultConfigurationName = Release;
		};
/* End XCConfigurationList section */

/* Begin XCRemoteSwiftPackageReference section */
		CC5510C42C4E3DAD00A042C2 /* XCRemoteSwiftPackageReference "Then" */ = {
			isa = XCRemoteSwiftPackageReference;
			repositoryURL = "https://github.com/devxoul/Then.git";
			requirement = {
				kind = upToNextMajorVersion;
				minimumVersion = 3.0.0;
			};
		};
		CC5510C72C4E3DB800A042C2 /* XCRemoteSwiftPackageReference "SnapKit" */ = {
			isa = XCRemoteSwiftPackageReference;
			repositoryURL = "https://github.com/SnapKit/SnapKit.git";
			requirement = {
				kind = upToNextMajorVersion;
				minimumVersion = 5.7.1;
			};
		};
		CC5510CA2C4E3DF300A042C2 /* XCRemoteSwiftPackageReference "realm-swift" */ = {
			isa = XCRemoteSwiftPackageReference;
			repositoryURL = "https://github.com/realm/realm-swift.git";
			requirement = {
				kind = exactVersion;
				version = 10.52.2;
			};
		};
		CC5510CD2C4E3E0C00A042C2 /* XCRemoteSwiftPackageReference "Alamofire" */ = {
			isa = XCRemoteSwiftPackageReference;
			repositoryURL = "https://github.com/Alamofire/Alamofire.git";
			requirement = {
				kind = upToNextMajorVersion;
				minimumVersion = 5.9.1;
			};
		};
		CC5510D02C4E3E1800A042C2 /* XCRemoteSwiftPackageReference "Toast-Swift" */ = {
			isa = XCRemoteSwiftPackageReference;
			repositoryURL = "https://github.com/scalessec/Toast-Swift.git";
			requirement = {
				kind = upToNextMajorVersion;
				minimumVersion = 5.1.1;
			};
		};
		CC5510D32C4E3E7800A042C2 /* XCRemoteSwiftPackageReference "Kingfisher" */ = {
			isa = XCRemoteSwiftPackageReference;
			repositoryURL = "https://github.com/onevcat/Kingfisher";
			requirement = {
				kind = upToNextMajorVersion;
				minimumVersion = 7.12.0;
			};
		};
/* End XCRemoteSwiftPackageReference section */

/* Begin XCSwiftPackageProductDependency section */
		CC5510C52C4E3DAD00A042C2 /* Then */ = {
			isa = XCSwiftPackageProductDependency;
			package = CC5510C42C4E3DAD00A042C2 /* XCRemoteSwiftPackageReference "Then" */;
			productName = Then;
		};
		CC5510C82C4E3DB800A042C2 /* SnapKit */ = {
			isa = XCSwiftPackageProductDependency;
			package = CC5510C72C4E3DB800A042C2 /* XCRemoteSwiftPackageReference "SnapKit" */;
			productName = SnapKit;
		};
		CC5510CB2C4E3DF300A042C2 /* RealmSwift */ = {
			isa = XCSwiftPackageProductDependency;
			package = CC5510CA2C4E3DF300A042C2 /* XCRemoteSwiftPackageReference "realm-swift" */;
			productName = RealmSwift;
		};
		CC5510CE2C4E3E0C00A042C2 /* Alamofire */ = {
			isa = XCSwiftPackageProductDependency;
			package = CC5510CD2C4E3E0C00A042C2 /* XCRemoteSwiftPackageReference "Alamofire" */;
			productName = Alamofire;
		};
		CC5510D12C4E3E1800A042C2 /* Toast */ = {
			isa = XCSwiftPackageProductDependency;
			package = CC5510D02C4E3E1800A042C2 /* XCRemoteSwiftPackageReference "Toast-Swift" */;
			productName = Toast;
		};
		CC5510D42C4E3E7800A042C2 /* Kingfisher */ = {
			isa = XCSwiftPackageProductDependency;
			package = CC5510D32C4E3E7800A042C2 /* XCRemoteSwiftPackageReference "Kingfisher" */;
			productName = Kingfisher;
		};
/* End XCSwiftPackageProductDependency section */
	};
	rootObject = CC5510A32C4E3C0100A042C2 /* Project object */;
}
